{
  "object": {
    "pins": [
      {
        "package": "Nuke",
        "repositoryURL": "https://github.com/kean/Nuke",
        "state": {
          "branch": null,
          "revision": "7f73ceaeacd5df75a7994cd82e165ad9ff1815db",
          "version": "9.6.1"
        }
        }
      },
      {
        "package": "SwiftEntryKit",
        "repositoryURL": "https://github.com/huri000/SwiftEntryKit",
        "state": {
          "branch": null,
          "revision": "c2d42574e4fe4e1f9719843f35add7922942a16b",
          "version": "1.2.7"
        }
      },
      {
        "package": "SwiftKeychainWrapper",
        "repositoryURL": "https://github.com/jrendel/SwiftKeychainWrapper",
        "state": {
          "branch": null,
          "revision": "185a3165346a03767101c4f62e9a545a0fe0530f",
          "version": "4.0.1"
        }
      },
      {
        "package": "SwiftSoup",
        "repositoryURL": "https://github.com/scinfu/SwiftSoup",
        "state": {
          "branch": null,
          "revision": "02c63b7be50bda384f22c56c64d347231754a07e",
          "version": "2.3.3"
        }
      }
    ]
  },
  "version": 1
}
