// !$*UTF8*$!
{
	archiveVersion = 1;
	classes = {
	};
	objectVersion = 52;
	objects = {

/* Begin PBXBuildFile section */
		A717CEB7252A210A00CFB6FF /* PhoneNumberKit-Static in Frameworks */ = {isa = PBXBuildFile; productRef = A717CEB6252A210A00CFB6FF /* PhoneNumberKit-Static */; };
		A717CEB9252A210A00CFB6FF /* PhoneNumberKit in Frameworks */ = {isa = PBXBuildFile; productRef = A717CEB8252A210A00CFB6FF /* PhoneNumberKit */; };
		A717CEBE252BC63E00CFB6FF /* CountryPicker in Frameworks */ = {isa = PBXBuildFile; productRef = A717CEBD252BC63E00CFB6FF /* CountryPicker */; };
		A717CEC1252BD21000CFB6FF /* PhoneTextFieldExtension.swift in Sources */ = {isa = PBXBuildFile; fileRef = A717CEC0252BD21000CFB6FF /* PhoneTextFieldExtension.swift */; };
		A74D2899253680FB00A1C856 /* NetworkingUtils.swift in Sources */ = {isa = PBXBuildFile; fileRef = A74D2898253680FB00A1C856 /* NetworkingUtils.swift */; };
		A759468C2523E32F00312EBE /* AppDelegate.swift in Sources */ = {isa = PBXBuildFile; fileRef = A759468B2523E32F00312EBE /* AppDelegate.swift */; };
		A759468E2523E32F00312EBE /* SceneDelegate.swift in Sources */ = {isa = PBXBuildFile; fileRef = A759468D2523E32F00312EBE /* SceneDelegate.swift */; };
		A75946932523E32F00312EBE /* Main.storyboard in Resources */ = {isa = PBXBuildFile; fileRef = A75946912523E32F00312EBE /* Main.storyboard */; };
		A75946952523E33400312EBE /* Assets.xcassets in Resources */ = {isa = PBXBuildFile; fileRef = A75946942523E33400312EBE /* Assets.xcassets */; };
		A75946982523E33400312EBE /* LaunchScreen.storyboard in Resources */ = {isa = PBXBuildFile; fileRef = A75946962523E33400312EBE /* LaunchScreen.storyboard */; };
		A75946A12523E80400312EBE /* AuthViewController.swift in Sources */ = {isa = PBXBuildFile; fileRef = A75946A02523E80400312EBE /* AuthViewController.swift */; };
		A75946A82523F13E00312EBE /* TMPVC.swift in Sources */ = {isa = PBXBuildFile; fileRef = A75946A72523F13E00312EBE /* TMPVC.swift */; };
		A77AA963252E7993004D12E8 /* NetworkService.swift in Sources */ = {isa = PBXBuildFile; fileRef = A77AA962252E7993004D12E8 /* NetworkService.swift */; };
		A77AA966252E7F21004D12E8 /* SmsCodeViewController.swift in Sources */ = {isa = PBXBuildFile; fileRef = A77AA965252E7F21004D12E8 /* SmsCodeViewController.swift */; };
		A77AA96925325917004D12E8 /* FirstLaunchRegistration.storyboard in Resources */ = {isa = PBXBuildFile; fileRef = A77AA96825325917004D12E8 /* FirstLaunchRegistration.storyboard */; };
		A77B9312253B035F0011282E /* NetworkServiceResponses.swift in Sources */ = {isa = PBXBuildFile; fileRef = A77B9311253B035F0011282E /* NetworkServiceResponses.swift */; };
		A78A4EF82548EA600026B76B /* NoPasteTextField.swift in Sources */ = {isa = PBXBuildFile; fileRef = A78A4EF72548EA600026B76B /* NoPasteTextField.swift */; };
		A791FDDD2524E1B900A595BB /* MyCarViewController.swift in Sources */ = {isa = PBXBuildFile; fileRef = A791FDDC2524E1B900A595BB /* MyCarViewController.swift */; };
		A791FDDF2524E1D700A595BB /* ServicesViewController.swift in Sources */ = {isa = PBXBuildFile; fileRef = A791FDDE2524E1D700A595BB /* ServicesViewController.swift */; };
		A791FDE12524E1E400A595BB /* OffersViewController.swift in Sources */ = {isa = PBXBuildFile; fileRef = A791FDE02524E1E400A595BB /* OffersViewController.swift */; };
		A791FDE42526707100A595BB /* Authentification.storyboard in Resources */ = {isa = PBXBuildFile; fileRef = A791FDE32526707100A595BB /* Authentification.storyboard */; };
		A791FDE6252672ED00A595BB /* RoundedButton.swift in Sources */ = {isa = PBXBuildFile; fileRef = A791FDE5252672ED00A595BB /* RoundedButton.swift */; };
		A791FDEA25267A1A00A595BB /* ViewUtils.swift in Sources */ = {isa = PBXBuildFile; fileRef = A791FDE925267A1A00A595BB /* ViewUtils.swift */; };
		A7924D13254B743F001B67C1 /* ToyotaType-Light.ttf in Resources */ = {isa = PBXBuildFile; fileRef = A7924CFB254B70E8001B67C1 /* ToyotaType-Light.ttf */; };
		A7924D14254B743F001B67C1 /* ToyotaType-RegularIt.ttf in Resources */ = {isa = PBXBuildFile; fileRef = A7924CFD254B70E8001B67C1 /* ToyotaType-RegularIt.ttf */; };
		A7924D15254B743F001B67C1 /* ToyotaType-BoldIt.ttf in Resources */ = {isa = PBXBuildFile; fileRef = A7924D01254B70E8001B67C1 /* ToyotaType-BoldIt.ttf */; };
		A7924D16254B743F001B67C1 /* ToyotaType-Regular.ttf in Resources */ = {isa = PBXBuildFile; fileRef = A7924CFC254B70E8001B67C1 /* ToyotaType-Regular.ttf */; };
		A7924D17254B743F001B67C1 /* ToyotaType-Bold.ttf in Resources */ = {isa = PBXBuildFile; fileRef = A7924CF9254B70E8001B67C1 /* ToyotaType-Bold.ttf */; };
		A7924D18254B743F001B67C1 /* ToyotaType-Book.ttf in Resources */ = {isa = PBXBuildFile; fileRef = A7924CF8254B70E8001B67C1 /* ToyotaType-Book.ttf */; };
		A7924D19254B743F001B67C1 /* ToyotaType-BookIt.ttf in Resources */ = {isa = PBXBuildFile; fileRef = A7924CF7254B70E8001B67C1 /* ToyotaType-BookIt.ttf */; };
		A7924D1A254B743F001B67C1 /* ToyotaType-LightIt.ttf in Resources */ = {isa = PBXBuildFile; fileRef = A7924CFE254B70E8001B67C1 /* ToyotaType-LightIt.ttf */; };
		A7924D1B254B743F001B67C1 /* ToyotaType-Black.ttf in Resources */ = {isa = PBXBuildFile; fileRef = A7924CFA254B70E8001B67C1 /* ToyotaType-Black.ttf */; };
		A7924D1C254B743F001B67C1 /* ToyotaType-SemiboldIt.ttf in Resources */ = {isa = PBXBuildFile; fileRef = A7924D00254B70E8001B67C1 /* ToyotaType-SemiboldIt.ttf */; };
		A7924D1D254B743F001B67C1 /* ToyotaType-BlackIt.ttf in Resources */ = {isa = PBXBuildFile; fileRef = A7924CF6254B70E7001B67C1 /* ToyotaType-BlackIt.ttf */; };
		A7924D1E254B743F001B67C1 /* ToyotaType-Semibold.ttf in Resources */ = {isa = PBXBuildFile; fileRef = A7924CFF254B70E8001B67C1 /* ToyotaType-Semibold.ttf */; };
		A7A72DC82554A5C500A44984 /* CarCollectionViewCell.swift in Sources */ = {isa = PBXBuildFile; fileRef = A7A72DC72554A5C500A44984 /* CarCollectionViewCell.swift */; };
		A7D12064253E70E9005F85B0 /* PersonalInfoViewController.swift in Sources */ = {isa = PBXBuildFile; fileRef = A7D12063253E70E9005F85B0 /* PersonalInfoViewController.swift */; };
		A7D12067253E713A005F85B0 /* DealerViewController.swift in Sources */ = {isa = PBXBuildFile; fileRef = A7D12066253E713A005F85B0 /* DealerViewController.swift */; };
		A7D1206A253E7168005F85B0 /* AddingCarViewController.swift in Sources */ = {isa = PBXBuildFile; fileRef = A7D12069253E7168005F85B0 /* AddingCarViewController.swift */; };
/* End PBXBuildFile section */

/* Begin PBXFileReference section */
		A717CEC0252BD21000CFB6FF /* PhoneTextFieldExtension.swift */ = {isa = PBXFileReference; lastKnownFileType = sourcecode.swift; path = PhoneTextFieldExtension.swift; sourceTree = "<group>"; };
		A74D2898253680FB00A1C856 /* NetworkingUtils.swift */ = {isa = PBXFileReference; lastKnownFileType = sourcecode.swift; path = NetworkingUtils.swift; sourceTree = "<group>"; };
		A75946882523E32F00312EBE /* ToyotaApp.app */ = {isa = PBXFileReference; explicitFileType = wrapper.application; includeInIndex = 0; path = ToyotaApp.app; sourceTree = BUILT_PRODUCTS_DIR; };
		A759468B2523E32F00312EBE /* AppDelegate.swift */ = {isa = PBXFileReference; lastKnownFileType = sourcecode.swift; path = AppDelegate.swift; sourceTree = "<group>"; };
		A759468D2523E32F00312EBE /* SceneDelegate.swift */ = {isa = PBXFileReference; lastKnownFileType = sourcecode.swift; path = SceneDelegate.swift; sourceTree = "<group>"; };
		A75946922523E32F00312EBE /* Base */ = {isa = PBXFileReference; lastKnownFileType = file.storyboard; name = Base; path = Base.lproj/Main.storyboard; sourceTree = "<group>"; };
		A75946942523E33400312EBE /* Assets.xcassets */ = {isa = PBXFileReference; lastKnownFileType = folder.assetcatalog; path = Assets.xcassets; sourceTree = "<group>"; };
		A75946972523E33400312EBE /* Base */ = {isa = PBXFileReference; lastKnownFileType = file.storyboard; name = Base; path = Base.lproj/LaunchScreen.storyboard; sourceTree = "<group>"; };
		A75946992523E33400312EBE /* Info.plist */ = {isa = PBXFileReference; lastKnownFileType = text.plist.xml; path = Info.plist; sourceTree = "<group>"; };
		A75946A02523E80400312EBE /* AuthViewController.swift */ = {isa = PBXFileReference; lastKnownFileType = sourcecode.swift; path = AuthViewController.swift; sourceTree = "<group>"; };
		A75946A72523F13E00312EBE /* TMPVC.swift */ = {isa = PBXFileReference; lastKnownFileType = sourcecode.swift; path = TMPVC.swift; sourceTree = "<group>"; };
		A77AA962252E7993004D12E8 /* NetworkService.swift */ = {isa = PBXFileReference; lastKnownFileType = sourcecode.swift; path = NetworkService.swift; sourceTree = "<group>"; };
		A77AA965252E7F21004D12E8 /* SmsCodeViewController.swift */ = {isa = PBXFileReference; lastKnownFileType = sourcecode.swift; path = SmsCodeViewController.swift; sourceTree = "<group>"; };
		A77AA96825325917004D12E8 /* FirstLaunchRegistration.storyboard */ = {isa = PBXFileReference; lastKnownFileType = file.storyboard; path = FirstLaunchRegistration.storyboard; sourceTree = "<group>"; };
		A77B9311253B035F0011282E /* NetworkServiceResponses.swift */ = {isa = PBXFileReference; lastKnownFileType = sourcecode.swift; path = NetworkServiceResponses.swift; sourceTree = "<group>"; };
		A78A4EF72548EA600026B76B /* NoPasteTextField.swift */ = {isa = PBXFileReference; lastKnownFileType = sourcecode.swift; path = NoPasteTextField.swift; sourceTree = "<group>"; };
		A791FDDC2524E1B900A595BB /* MyCarViewController.swift */ = {isa = PBXFileReference; lastKnownFileType = sourcecode.swift; path = MyCarViewController.swift; sourceTree = "<group>"; };
		A791FDDE2524E1D700A595BB /* ServicesViewController.swift */ = {isa = PBXFileReference; lastKnownFileType = sourcecode.swift; path = ServicesViewController.swift; sourceTree = "<group>"; };
		A791FDE02524E1E400A595BB /* OffersViewController.swift */ = {isa = PBXFileReference; lastKnownFileType = sourcecode.swift; path = OffersViewController.swift; sourceTree = "<group>"; };
		A791FDE32526707100A595BB /* Authentification.storyboard */ = {isa = PBXFileReference; lastKnownFileType = file.storyboard; path = Authentification.storyboard; sourceTree = "<group>"; };
		A791FDE5252672ED00A595BB /* RoundedButton.swift */ = {isa = PBXFileReference; lastKnownFileType = sourcecode.swift; path = RoundedButton.swift; sourceTree = "<group>"; };
		A791FDE925267A1A00A595BB /* ViewUtils.swift */ = {isa = PBXFileReference; lastKnownFileType = sourcecode.swift; path = ViewUtils.swift; sourceTree = "<group>"; };
		A7924CF6254B70E7001B67C1 /* ToyotaType-BlackIt.ttf */ = {isa = PBXFileReference; lastKnownFileType = file; path = "ToyotaType-BlackIt.ttf"; sourceTree = "<group>"; };
		A7924CF7254B70E8001B67C1 /* ToyotaType-BookIt.ttf */ = {isa = PBXFileReference; lastKnownFileType = file; path = "ToyotaType-BookIt.ttf"; sourceTree = "<group>"; };
		A7924CF8254B70E8001B67C1 /* ToyotaType-Book.ttf */ = {isa = PBXFileReference; lastKnownFileType = file; path = "ToyotaType-Book.ttf"; sourceTree = "<group>"; };
		A7924CF9254B70E8001B67C1 /* ToyotaType-Bold.ttf */ = {isa = PBXFileReference; lastKnownFileType = file; path = "ToyotaType-Bold.ttf"; sourceTree = "<group>"; };
		A7924CFA254B70E8001B67C1 /* ToyotaType-Black.ttf */ = {isa = PBXFileReference; lastKnownFileType = file; path = "ToyotaType-Black.ttf"; sourceTree = "<group>"; };
		A7924CFB254B70E8001B67C1 /* ToyotaType-Light.ttf */ = {isa = PBXFileReference; lastKnownFileType = file; path = "ToyotaType-Light.ttf"; sourceTree = "<group>"; };
		A7924CFC254B70E8001B67C1 /* ToyotaType-Regular.ttf */ = {isa = PBXFileReference; lastKnownFileType = file; path = "ToyotaType-Regular.ttf"; sourceTree = "<group>"; };
		A7924CFD254B70E8001B67C1 /* ToyotaType-RegularIt.ttf */ = {isa = PBXFileReference; lastKnownFileType = file; path = "ToyotaType-RegularIt.ttf"; sourceTree = "<group>"; };
		A7924CFE254B70E8001B67C1 /* ToyotaType-LightIt.ttf */ = {isa = PBXFileReference; lastKnownFileType = file; path = "ToyotaType-LightIt.ttf"; sourceTree = "<group>"; };
		A7924CFF254B70E8001B67C1 /* ToyotaType-Semibold.ttf */ = {isa = PBXFileReference; lastKnownFileType = file; path = "ToyotaType-Semibold.ttf"; sourceTree = "<group>"; };
		A7924D00254B70E8001B67C1 /* ToyotaType-SemiboldIt.ttf */ = {isa = PBXFileReference; lastKnownFileType = file; path = "ToyotaType-SemiboldIt.ttf"; sourceTree = "<group>"; };
		A7924D01254B70E8001B67C1 /* ToyotaType-BoldIt.ttf */ = {isa = PBXFileReference; lastKnownFileType = file; path = "ToyotaType-BoldIt.ttf"; sourceTree = "<group>"; };
		A7A72DC72554A5C500A44984 /* CarCollectionViewCell.swift */ = {isa = PBXFileReference; lastKnownFileType = sourcecode.swift; path = CarCollectionViewCell.swift; sourceTree = "<group>"; };
		A7D12063253E70E9005F85B0 /* PersonalInfoViewController.swift */ = {isa = PBXFileReference; lastKnownFileType = sourcecode.swift; path = PersonalInfoViewController.swift; sourceTree = "<group>"; };
		A7D12066253E713A005F85B0 /* DealerViewController.swift */ = {isa = PBXFileReference; lastKnownFileType = sourcecode.swift; path = DealerViewController.swift; sourceTree = "<group>"; };
		A7D12069253E7168005F85B0 /* AddingCarViewController.swift */ = {isa = PBXFileReference; lastKnownFileType = sourcecode.swift; path = AddingCarViewController.swift; sourceTree = "<group>"; };
/* End PBXFileReference section */

/* Begin PBXFrameworksBuildPhase section */
		A75946852523E32F00312EBE /* Frameworks */ = {
			isa = PBXFrameworksBuildPhase;
			buildActionMask = 2147483647;
			files = (
				A717CEB7252A210A00CFB6FF /* PhoneNumberKit-Static in Frameworks */,
				A717CEBE252BC63E00CFB6FF /* CountryPicker in Frameworks */,
				A717CEB9252A210A00CFB6FF /* PhoneNumberKit in Frameworks */,
			);
			runOnlyForDeploymentPostprocessing = 0;
		};
/* End PBXFrameworksBuildPhase section */

/* Begin PBXGroup section */
		A759467F2523E32F00312EBE = {
			isa = PBXGroup;
			children = (
				A759468A2523E32F00312EBE /* ToyotaApp */,
				A75946892523E32F00312EBE /* Products */,
			);
			sourceTree = "<group>";
		};
		A75946892523E32F00312EBE /* Products */ = {
			isa = PBXGroup;
			children = (
				A75946882523E32F00312EBE /* ToyotaApp.app */,
			);
			name = Products;
			sourceTree = "<group>";
		};
		A759468A2523E32F00312EBE /* ToyotaApp */ = {
			isa = PBXGroup;
			children = (
				A759469F2523E7D200312EBE /* Authentification */,
				A7D1205D253E6A7F005F85B0 /* Registration */,
				A791FDD82524E17300A595BB /* MainMenu */,
				A75946A22523ECD400312EBE /* Model */,
				A791FDE225266F2700A595BB /* Storyboards */,
				A759468B2523E32F00312EBE /* AppDelegate.swift */,
				A759468D2523E32F00312EBE /* SceneDelegate.swift */,
				A7924CF1254B70B4001B67C1 /* Fonts */,
				A75946942523E33400312EBE /* Assets.xcassets */,
				A75946992523E33400312EBE /* Info.plist */,
			);
			path = ToyotaApp;
			sourceTree = "<group>";
		};
		A759469F2523E7D200312EBE /* Authentification */ = {
			isa = PBXGroup;
			children = (
				A75946A02523E80400312EBE /* AuthViewController.swift */,
				A77AA965252E7F21004D12E8 /* SmsCodeViewController.swift */,
			);
			path = Authentification;
			sourceTree = "<group>";
		};
		A75946A22523ECD400312EBE /* Model */ = {
			isa = PBXGroup;
			children = (
				A791FDE925267A1A00A595BB /* ViewUtils.swift */,
				A74D2898253680FB00A1C856 /* NetworkingUtils.swift */,
				A77AA962252E7993004D12E8 /* NetworkService.swift */,
				A77B9311253B035F0011282E /* NetworkServiceResponses.swift */,
			);
			path = Model;
			sourceTree = "<group>";
		};
		A791FDD82524E17300A595BB /* MainMenu */ = {
			isa = PBXGroup;
			children = (
				A791FDDB2524E19B00A595BB /* Tech */,
				A791FDDA2524E19300A595BB /* Service */,
				A791FDD92524E18800A595BB /* MyCar */,
				A75946A72523F13E00312EBE /* TMPVC.swift */,
			);
			path = MainMenu;
			sourceTree = "<group>";
		};
		A791FDD92524E18800A595BB /* MyCar */ = {
			isa = PBXGroup;
			children = (
				A791FDDC2524E1B900A595BB /* MyCarViewController.swift */,
				A7A72DC72554A5C500A44984 /* CarCollectionViewCell.swift */,
			);
			path = MyCar;
			sourceTree = "<group>";
		};
		A791FDDA2524E19300A595BB /* Service */ = {
			isa = PBXGroup;
			children = (
				A791FDDE2524E1D700A595BB /* ServicesViewController.swift */,
			);
			path = Service;
			sourceTree = "<group>";
		};
		A791FDDB2524E19B00A595BB /* Tech */ = {
			isa = PBXGroup;
			children = (
				A791FDE02524E1E400A595BB /* OffersViewController.swift */,
			);
			path = Tech;
			sourceTree = "<group>";
		};
		A791FDE225266F2700A595BB /* Storyboards */ = {
			isa = PBXGroup;
			children = (
				A791FDE8252672FA00A595BB /* Custom Controls */,
				A75946962523E33400312EBE /* LaunchScreen.storyboard */,
				A791FDE32526707100A595BB /* Authentification.storyboard */,
				A77AA96825325917004D12E8 /* FirstLaunchRegistration.storyboard */,
				A75946912523E32F00312EBE /* Main.storyboard */,
			);
			path = Storyboards;
			sourceTree = "<group>";
		};
		A791FDE8252672FA00A595BB /* Custom Controls */ = {
			isa = PBXGroup;
			children = (
				A791FDE5252672ED00A595BB /* RoundedButton.swift */,
				A717CEC0252BD21000CFB6FF /* PhoneTextFieldExtension.swift */,
				A78A4EF72548EA600026B76B /* NoPasteTextField.swift */,
			);
			path = "Custom Controls";
			sourceTree = "<group>";
		};
		A7924CF1254B70B4001B67C1 /* Fonts */ = {
			isa = PBXGroup;
			children = (
				A7924CFA254B70E8001B67C1 /* ToyotaType-Black.ttf */,
				A7924CF6254B70E7001B67C1 /* ToyotaType-BlackIt.ttf */,
				A7924CF9254B70E8001B67C1 /* ToyotaType-Bold.ttf */,
				A7924D01254B70E8001B67C1 /* ToyotaType-BoldIt.ttf */,
				A7924CF8254B70E8001B67C1 /* ToyotaType-Book.ttf */,
				A7924CF7254B70E8001B67C1 /* ToyotaType-BookIt.ttf */,
				A7924CFB254B70E8001B67C1 /* ToyotaType-Light.ttf */,
				A7924CFE254B70E8001B67C1 /* ToyotaType-LightIt.ttf */,
				A7924CFC254B70E8001B67C1 /* ToyotaType-Regular.ttf */,
				A7924CFD254B70E8001B67C1 /* ToyotaType-RegularIt.ttf */,
				A7924CFF254B70E8001B67C1 /* ToyotaType-Semibold.ttf */,
				A7924D00254B70E8001B67C1 /* ToyotaType-SemiboldIt.ttf */,
			);
			path = Fonts;
			sourceTree = "<group>";
		};
		A7D1205D253E6A7F005F85B0 /* Registration */ = {
			isa = PBXGroup;
			children = (
				A7D12063253E70E9005F85B0 /* PersonalInfoViewController.swift */,
				A7D12066253E713A005F85B0 /* DealerViewController.swift */,
				A7D12069253E7168005F85B0 /* AddingCarViewController.swift */,
			);
			path = Registration;
			sourceTree = "<group>";
		};
/* End PBXGroup section */

/* Begin PBXNativeTarget section */
		A75946872523E32F00312EBE /* ToyotaApp */ = {
			isa = PBXNativeTarget;
			buildConfigurationList = A759469C2523E33400312EBE /* Build configuration list for PBXNativeTarget "ToyotaApp" */;
			buildPhases = (
				A75946842523E32F00312EBE /* Sources */,
				A75946852523E32F00312EBE /* Frameworks */,
				A75946862523E32F00312EBE /* Resources */,
			);
			buildRules = (
			);
			dependencies = (
			);
			name = ToyotaApp;
			packageProductDependencies = (
				A717CEB6252A210A00CFB6FF /* PhoneNumberKit-Static */,
				A717CEB8252A210A00CFB6FF /* PhoneNumberKit */,
				A717CEBD252BC63E00CFB6FF /* CountryPicker */,
			);
			productName = ToyotaApp;
			productReference = A75946882523E32F00312EBE /* ToyotaApp.app */;
			productType = "com.apple.product-type.application";
		};
/* End PBXNativeTarget section */

/* Begin PBXProject section */
		A75946802523E32F00312EBE /* Project object */ = {
			isa = PBXProject;
			attributes = {
				LastSwiftUpdateCheck = 1170;
				LastUpgradeCheck = 1200;
				ORGANIZATIONNAME = "Алексей Гурин";
				TargetAttributes = {
					A75946872523E32F00312EBE = {
						CreatedOnToolsVersion = 11.7;
					};
				};
			};
			buildConfigurationList = A75946832523E32F00312EBE /* Build configuration list for PBXProject "ToyotaApp" */;
			compatibilityVersion = "Xcode 9.3";
			developmentRegion = en;
			hasScannedForEncodings = 0;
			knownRegions = (
				en,
				Base,
			);
			mainGroup = A759467F2523E32F00312EBE;
			packageReferences = (
				A717CEB5252A210A00CFB6FF /* XCRemoteSwiftPackageReference "PhoneNumberKit" */,
				A717CEBC252BC63E00CFB6FF /* XCRemoteSwiftPackageReference "CountryPicker" */,
			);
			productRefGroup = A75946892523E32F00312EBE /* Products */;
			projectDirPath = "";
			projectRoot = "";
			targets = (
				A75946872523E32F00312EBE /* ToyotaApp */,
			);
		};
/* End PBXProject section */

/* Begin PBXResourcesBuildPhase section */
		A75946862523E32F00312EBE /* Resources */ = {
			isa = PBXResourcesBuildPhase;
			buildActionMask = 2147483647;
			files = (
				A7924D1C254B743F001B67C1 /* ToyotaType-SemiboldIt.ttf in Resources */,
				A75946982523E33400312EBE /* LaunchScreen.storyboard in Resources */,
				A7924D18254B743F001B67C1 /* ToyotaType-Book.ttf in Resources */,
				A7924D1D254B743F001B67C1 /* ToyotaType-BlackIt.ttf in Resources */,
				A791FDE42526707100A595BB /* Authentification.storyboard in Resources */,
				A7924D14254B743F001B67C1 /* ToyotaType-RegularIt.ttf in Resources */,
				A7924D17254B743F001B67C1 /* ToyotaType-Bold.ttf in Resources */,
				A7924D13254B743F001B67C1 /* ToyotaType-Light.ttf in Resources */,
				A7924D1B254B743F001B67C1 /* ToyotaType-Black.ttf in Resources */,
				A7924D15254B743F001B67C1 /* ToyotaType-BoldIt.ttf in Resources */,
				A77AA96925325917004D12E8 /* FirstLaunchRegistration.storyboard in Resources */,
				A7924D1A254B743F001B67C1 /* ToyotaType-LightIt.ttf in Resources */,
				A75946932523E32F00312EBE /* Main.storyboard in Resources */,
				A75946952523E33400312EBE /* Assets.xcassets in Resources */,
				A7924D16254B743F001B67C1 /* ToyotaType-Regular.ttf in Resources */,
				A7924D19254B743F001B67C1 /* ToyotaType-BookIt.ttf in Resources */,
				A7924D1E254B743F001B67C1 /* ToyotaType-Semibold.ttf in Resources */,
			);
			runOnlyForDeploymentPostprocessing = 0;
		};
/* End PBXResourcesBuildPhase section */

/* Begin PBXSourcesBuildPhase section */
		A75946842523E32F00312EBE /* Sources */ = {
			isa = PBXSourcesBuildPhase;
			buildActionMask = 2147483647;
			files = (
				A717CEC1252BD21000CFB6FF /* PhoneTextFieldExtension.swift in Sources */,
				A791FDDD2524E1B900A595BB /* MyCarViewController.swift in Sources */,
				A791FDE6252672ED00A595BB /* RoundedButton.swift in Sources */,
				A7D12064253E70E9005F85B0 /* PersonalInfoViewController.swift in Sources */,
				A75946A12523E80400312EBE /* AuthViewController.swift in Sources */,
				A77B9312253B035F0011282E /* NetworkServiceResponses.swift in Sources */,
				A75946A82523F13E00312EBE /* TMPVC.swift in Sources */,
				A7D12067253E713A005F85B0 /* DealerViewController.swift in Sources */,
				A759468C2523E32F00312EBE /* AppDelegate.swift in Sources */,
				A791FDEA25267A1A00A595BB /* ViewUtils.swift in Sources */,
				A7A72DC82554A5C500A44984 /* CarCollectionViewCell.swift in Sources */,
				A791FDE12524E1E400A595BB /* OffersViewController.swift in Sources */,
				A78A4EF82548EA600026B76B /* NoPasteTextField.swift in Sources */,
				A791FDDF2524E1D700A595BB /* ServicesViewController.swift in Sources */,
				A7D1206A253E7168005F85B0 /* AddingCarViewController.swift in Sources */,
				A77AA966252E7F21004D12E8 /* SmsCodeViewController.swift in Sources */,
				A77AA963252E7993004D12E8 /* NetworkService.swift in Sources */,
				A74D2899253680FB00A1C856 /* NetworkingUtils.swift in Sources */,
				A759468E2523E32F00312EBE /* SceneDelegate.swift in Sources */,
			);
			runOnlyForDeploymentPostprocessing = 0;
		};
/* End PBXSourcesBuildPhase section */

/* Begin PBXVariantGroup section */
		A75946912523E32F00312EBE /* Main.storyboard */ = {
			isa = PBXVariantGroup;
			children = (
				A75946922523E32F00312EBE /* Base */,
			);
			name = Main.storyboard;
			sourceTree = "<group>";
		};
		A75946962523E33400312EBE /* LaunchScreen.storyboard */ = {
			isa = PBXVariantGroup;
			children = (
				A75946972523E33400312EBE /* Base */,
			);
			name = LaunchScreen.storyboard;
			sourceTree = "<group>";
		};
/* End PBXVariantGroup section */

/* Begin XCBuildConfiguration section */
		A759469A2523E33400312EBE /* Debug */ = {
			isa = XCBuildConfiguration;
			buildSettings = {
				ALWAYS_SEARCH_USER_PATHS = NO;
				CLANG_ANALYZER_NONNULL = YES;
				CLANG_ANALYZER_NUMBER_OBJECT_CONVERSION = YES_AGGRESSIVE;
				CLANG_CXX_LANGUAGE_STANDARD = "gnu++14";
				CLANG_CXX_LIBRARY = "libc++";
				CLANG_ENABLE_MODULES = YES;
				CLANG_ENABLE_OBJC_ARC = YES;
				CLANG_ENABLE_OBJC_WEAK = YES;
				CLANG_WARN_BLOCK_CAPTURE_AUTORELEASING = YES;
				CLANG_WARN_BOOL_CONVERSION = YES;
				CLANG_WARN_COMMA = YES;
				CLANG_WARN_CONSTANT_CONVERSION = YES;
				CLANG_WARN_DEPRECATED_OBJC_IMPLEMENTATIONS = YES;
				CLANG_WARN_DIRECT_OBJC_ISA_USAGE = YES_ERROR;
				CLANG_WARN_DOCUMENTATION_COMMENTS = YES;
				CLANG_WARN_EMPTY_BODY = YES;
				CLANG_WARN_ENUM_CONVERSION = YES;
				CLANG_WARN_INFINITE_RECURSION = YES;
				CLANG_WARN_INT_CONVERSION = YES;
				CLANG_WARN_NON_LITERAL_NULL_CONVERSION = YES;
				CLANG_WARN_OBJC_IMPLICIT_RETAIN_SELF = YES;
				CLANG_WARN_OBJC_LITERAL_CONVERSION = YES;
				CLANG_WARN_OBJC_ROOT_CLASS = YES_ERROR;
				CLANG_WARN_QUOTED_INCLUDE_IN_FRAMEWORK_HEADER = YES;
				CLANG_WARN_RANGE_LOOP_ANALYSIS = YES;
				CLANG_WARN_STRICT_PROTOTYPES = YES;
				CLANG_WARN_SUSPICIOUS_MOVE = YES;
				CLANG_WARN_UNGUARDED_AVAILABILITY = YES_AGGRESSIVE;
				CLANG_WARN_UNREACHABLE_CODE = YES;
				CLANG_WARN__DUPLICATE_METHOD_MATCH = YES;
				COPY_PHASE_STRIP = NO;
				DEBUG_INFORMATION_FORMAT = dwarf;
				ENABLE_STRICT_OBJC_MSGSEND = YES;
				ENABLE_TESTABILITY = YES;
				GCC_C_LANGUAGE_STANDARD = gnu11;
				GCC_DYNAMIC_NO_PIC = NO;
				GCC_NO_COMMON_BLOCKS = YES;
				GCC_OPTIMIZATION_LEVEL = 0;
				GCC_PREPROCESSOR_DEFINITIONS = (
					"DEBUG=1",
					"$(inherited)",
				);
				GCC_WARN_64_TO_32_BIT_CONVERSION = YES;
				GCC_WARN_ABOUT_RETURN_TYPE = YES_ERROR;
				GCC_WARN_UNDECLARED_SELECTOR = YES;
				GCC_WARN_UNINITIALIZED_AUTOS = YES_AGGRESSIVE;
				GCC_WARN_UNUSED_FUNCTION = YES;
				GCC_WARN_UNUSED_VARIABLE = YES;
				IPHONEOS_DEPLOYMENT_TARGET = 14.0;
				MTL_ENABLE_DEBUG_INFO = INCLUDE_SOURCE;
				MTL_FAST_MATH = YES;
				ONLY_ACTIVE_ARCH = YES;
				SDKROOT = iphoneos;
				SWIFT_ACTIVE_COMPILATION_CONDITIONS = DEBUG;
				SWIFT_OPTIMIZATION_LEVEL = "-Onone";
			};
			name = Debug;
		};
		A759469B2523E33400312EBE /* Release */ = {
			isa = XCBuildConfiguration;
			buildSettings = {
				ALWAYS_SEARCH_USER_PATHS = NO;
				CLANG_ANALYZER_NONNULL = YES;
				CLANG_ANALYZER_NUMBER_OBJECT_CONVERSION = YES_AGGRESSIVE;
				CLANG_CXX_LANGUAGE_STANDARD = "gnu++14";
				CLANG_CXX_LIBRARY = "libc++";
				CLANG_ENABLE_MODULES = YES;
				CLANG_ENABLE_OBJC_ARC = YES;
				CLANG_ENABLE_OBJC_WEAK = YES;
				CLANG_WARN_BLOCK_CAPTURE_AUTORELEASING = YES;
				CLANG_WARN_BOOL_CONVERSION = YES;
				CLANG_WARN_COMMA = YES;
				CLANG_WARN_CONSTANT_CONVERSION = YES;
				CLANG_WARN_DEPRECATED_OBJC_IMPLEMENTATIONS = YES;
				CLANG_WARN_DIRECT_OBJC_ISA_USAGE = YES_ERROR;
				CLANG_WARN_DOCUMENTATION_COMMENTS = YES;
				CLANG_WARN_EMPTY_BODY = YES;
				CLANG_WARN_ENUM_CONVERSION = YES;
				CLANG_WARN_INFINITE_RECURSION = YES;
				CLANG_WARN_INT_CONVERSION = YES;
				CLANG_WARN_NON_LITERAL_NULL_CONVERSION = YES;
				CLANG_WARN_OBJC_IMPLICIT_RETAIN_SELF = YES;
				CLANG_WARN_OBJC_LITERAL_CONVERSION = YES;
				CLANG_WARN_OBJC_ROOT_CLASS = YES_ERROR;
				CLANG_WARN_QUOTED_INCLUDE_IN_FRAMEWORK_HEADER = YES;
				CLANG_WARN_RANGE_LOOP_ANALYSIS = YES;
				CLANG_WARN_STRICT_PROTOTYPES = YES;
				CLANG_WARN_SUSPICIOUS_MOVE = YES;
				CLANG_WARN_UNGUARDED_AVAILABILITY = YES_AGGRESSIVE;
				CLANG_WARN_UNREACHABLE_CODE = YES;
				CLANG_WARN__DUPLICATE_METHOD_MATCH = YES;
				COPY_PHASE_STRIP = NO;
				DEBUG_INFORMATION_FORMAT = "dwarf-with-dsym";
				ENABLE_NS_ASSERTIONS = NO;
				ENABLE_STRICT_OBJC_MSGSEND = YES;
				GCC_C_LANGUAGE_STANDARD = gnu11;
				GCC_NO_COMMON_BLOCKS = YES;
				GCC_WARN_64_TO_32_BIT_CONVERSION = YES;
				GCC_WARN_ABOUT_RETURN_TYPE = YES_ERROR;
				GCC_WARN_UNDECLARED_SELECTOR = YES;
				GCC_WARN_UNINITIALIZED_AUTOS = YES_AGGRESSIVE;
				GCC_WARN_UNUSED_FUNCTION = YES;
				GCC_WARN_UNUSED_VARIABLE = YES;
				IPHONEOS_DEPLOYMENT_TARGET = 14.0;
				MTL_ENABLE_DEBUG_INFO = NO;
				MTL_FAST_MATH = YES;
				SDKROOT = iphoneos;
				SWIFT_COMPILATION_MODE = wholemodule;
				SWIFT_OPTIMIZATION_LEVEL = "-O";
				VALIDATE_PRODUCT = YES;
			};
			name = Release;
		};
		A759469D2523E33400312EBE /* Debug */ = {
			isa = XCBuildConfiguration;
			buildSettings = {
				ASSETCATALOG_COMPILER_APPICON_NAME = AppIcon;
				CODE_SIGN_STYLE = Automatic;
				DEVELOPMENT_TEAM = 235K7U278B;
				INFOPLIST_FILE = ToyotaApp/Info.plist;
				LD_RUNPATH_SEARCH_PATHS = (
					"$(inherited)",
					"@executable_path/Frameworks",
				);
				PRODUCT_BUNDLE_IDENTIFIER = "Alyans-PRO.ToyotaApp";
				PRODUCT_NAME = "$(TARGET_NAME)";
				SWIFT_VERSION = 5.0;
				TARGETED_DEVICE_FAMILY = "1,2";
			};
			name = Debug;
		};
		A759469E2523E33400312EBE /* Release */ = {
			isa = XCBuildConfiguration;
			buildSettings = {
				ASSETCATALOG_COMPILER_APPICON_NAME = AppIcon;
				CODE_SIGN_STYLE = Automatic;
				DEVELOPMENT_TEAM = 235K7U278B;
				INFOPLIST_FILE = ToyotaApp/Info.plist;
				LD_RUNPATH_SEARCH_PATHS = (
					"$(inherited)",
					"@executable_path/Frameworks",
				);
				PRODUCT_BUNDLE_IDENTIFIER = "Alyans-PRO.ToyotaApp";
				PRODUCT_NAME = "$(TARGET_NAME)";
				SWIFT_VERSION = 5.0;
				TARGETED_DEVICE_FAMILY = "1,2";
			};
			name = Release;
		};
/* End XCBuildConfiguration section */

/* Begin XCConfigurationList section */
		A75946832523E32F00312EBE /* Build configuration list for PBXProject "ToyotaApp" */ = {
			isa = XCConfigurationList;
			buildConfigurations = (
				A759469A2523E33400312EBE /* Debug */,
				A759469B2523E33400312EBE /* Release */,
			);
			defaultConfigurationIsVisible = 0;
			defaultConfigurationName = Release;
		};
		A759469C2523E33400312EBE /* Build configuration list for PBXNativeTarget "ToyotaApp" */ = {
			isa = XCConfigurationList;
			buildConfigurations = (
				A759469D2523E33400312EBE /* Debug */,
				A759469E2523E33400312EBE /* Release */,
			);
			defaultConfigurationIsVisible = 0;
			defaultConfigurationName = Release;
		};
/* End XCConfigurationList section */

/* Begin XCRemoteSwiftPackageReference section */
		A717CEB5252A210A00CFB6FF /* XCRemoteSwiftPackageReference "PhoneNumberKit" */ = {
			isa = XCRemoteSwiftPackageReference;
			repositoryURL = "https://github.com/marmelroy/PhoneNumberKit.git";
			requirement = {
				kind = upToNextMajorVersion;
				minimumVersion = 3.3.1;
			};
		};
		A717CEBC252BC63E00CFB6FF /* XCRemoteSwiftPackageReference "CountryPicker" */ = {
			isa = XCRemoteSwiftPackageReference;
			repositoryURL = "https://github.com/SURYAKANTSHARMA/CountryPicker.git";
			requirement = {
				kind = upToNextMajorVersion;
				minimumVersion = 1.2.9;
			};
		};
/* End XCRemoteSwiftPackageReference section */

/* Begin XCSwiftPackageProductDependency section */
		A717CEB6252A210A00CFB6FF /* PhoneNumberKit-Static */ = {
			isa = XCSwiftPackageProductDependency;
			package = A717CEB5252A210A00CFB6FF /* XCRemoteSwiftPackageReference "PhoneNumberKit" */;
			productName = "PhoneNumberKit-Static";
		};
		A717CEB8252A210A00CFB6FF /* PhoneNumberKit */ = {
			isa = XCSwiftPackageProductDependency;
			package = A717CEB5252A210A00CFB6FF /* XCRemoteSwiftPackageReference "PhoneNumberKit" */;
			productName = PhoneNumberKit;
		};
		A717CEBD252BC63E00CFB6FF /* CountryPicker */ = {
			isa = XCSwiftPackageProductDependency;
			package = A717CEBC252BC63E00CFB6FF /* XCRemoteSwiftPackageReference "CountryPicker" */;
			productName = CountryPicker;
		};
/* End XCSwiftPackageProductDependency section */
	};
	rootObject = A75946802523E32F00312EBE /* Project object */;
}
