// !$*UTF8*$!
{
	archiveVersion = 1;
	classes = {
	};
	objectVersion = 52;
	objects = {

/* Begin PBXAggregateTarget section */
		A7B59DA8287A3C6000E707C8 /* CodeLint */ = {
			isa = PBXAggregateTarget;
			buildConfigurationList = A7B59DA9287A3C6000E707C8 /* Build configuration list for PBXAggregateTarget "CodeLint" */;
			buildPhases = (
				A7B59DAC287A3D0200E707C8 /* ShellScript */,
			);
			dependencies = (
			);
			name = CodeLint;
			productName = CodeLint;
		};
/* End PBXAggregateTarget section */

/* Begin PBXBuildFile section */
		14025194267AAB89006CF4E2 /* MapModule.swift in Sources */ = {isa = PBXBuildFile; fileRef = 14025193267AAB89006CF4E2 /* MapModule.swift */; };
		140BA59427A6C2A1002A7423 /* RegisterFlow.swift in Sources */ = {isa = PBXBuildFile; fileRef = 140BA59327A6C2A1002A7423 /* RegisterFlow.swift */; };
		140BA59627A6C310002A7423 /* AuthFlow.swift in Sources */ = {isa = PBXBuildFile; fileRef = 140BA59527A6C310002A7423 /* AuthFlow.swift */; };
		140BA59827A6CB67002A7423 /* MainMenuFlow.swift in Sources */ = {isa = PBXBuildFile; fileRef = 140BA59727A6CB67002A7423 /* MainMenuFlow.swift */; };
		140BA59A27A6CD73002A7423 /* CheckUserContext.swift in Sources */ = {isa = PBXBuildFile; fileRef = 140BA59927A6CD73002A7423 /* CheckUserContext.swift */; };
		14117EAA284EA86B001585CD /* SplashScreenViewController.swift in Sources */ = {isa = PBXBuildFile; fileRef = 14117EA9284EA86B001585CD /* SplashScreenViewController.swift */; };
		141875CC279DE1D900FFEA99 /* BookingStatus.swift in Sources */ = {isa = PBXBuildFile; fileRef = 141875CB279DE1D900FFEA99 /* BookingStatus.swift */; };
		14188033278B3499000B82DD /* UIView+Extensions.swift in Sources */ = {isa = PBXBuildFile; fileRef = 14188032278B3498000B82DD /* UIView+Extensions.swift */; };
		1419834227E285E4004573A1 /* PersonalInfoInteractor.swift in Sources */ = {isa = PBXBuildFile; fileRef = 1419834127E285E4004573A1 /* PersonalInfoInteractor.swift */; };
		1419834427E28663004573A1 /* PersonalInfoPresenter.swift in Sources */ = {isa = PBXBuildFile; fileRef = 1419834327E28663004573A1 /* PersonalInfoPresenter.swift */; };
		1419C7382683E102001F7EF3 /* TestDriveViewController.swift in Sources */ = {isa = PBXBuildFile; fileRef = 1419C7372683E102001F7EF3 /* TestDriveViewController.swift */; };
		1419D0C827752F6500D95B7F /* Models.swift in Sources */ = {isa = PBXBuildFile; fileRef = 1419D0C727752F6500D95B7F /* Models.swift */; };
		141A520427F08F9E00E7B9B2 /* BodyProtocols.swift in Sources */ = {isa = PBXBuildFile; fileRef = 141A520327F08F9E00E7B9B2 /* BodyProtocols.swift */; };
		141A520727F0A18700E7B9B2 /* InfoService.swift in Sources */ = {isa = PBXBuildFile; fileRef = 141A520627F0A18700E7B9B2 /* InfoService.swift */; };
		141A64A52706519E00EEFC6E /* PickerModuleView.swift in Sources */ = {isa = PBXBuildFile; fileRef = 141A64A42706519E00EEFC6E /* PickerModuleView.swift */; };
		141A64A7270651AB00EEFC6E /* TimePickerModuleView.swift in Sources */ = {isa = PBXBuildFile; fileRef = 141A64A6270651AB00EEFC6E /* TimePickerModuleView.swift */; };
		141A64A9270651BB00EEFC6E /* MapModuleView.swift in Sources */ = {isa = PBXBuildFile; fileRef = 141A64A8270651BB00EEFC6E /* MapModuleView.swift */; };
		141BACD72725AEF400704589 /* CustomizableStackView.swift in Sources */ = {isa = PBXBuildFile; fileRef = 141BACD62725AEF400704589 /* CustomizableStackView.swift */; };
		1425230426FFBD7C00B177B7 /* RequestHandler.swift in Sources */ = {isa = PBXBuildFile; fileRef = 1425230326FFBD7C00B177B7 /* RequestHandler.swift */; };
		1425230626FFBF8F00B177B7 /* Strings.swift in Sources */ = {isa = PBXBuildFile; fileRef = 1425230526FFBF8F00B177B7 /* Strings.swift */; };
		142B292828382B58007DC48D /* SmsCodeInteractor.swift in Sources */ = {isa = PBXBuildFile; fileRef = 142B292728382B58007DC48D /* SmsCodeInteractor.swift */; };
		1433C7C8269F304C00BCB70B /* InputTextField.swift in Sources */ = {isa = PBXBuildFile; fileRef = 1433C7C7269F304C00BCB70B /* InputTextField.swift */; };
		143CCB5B286261C900842050 /* PersonalInfoView.swift in Sources */ = {isa = PBXBuildFile; fileRef = 143CCB5A286261C900842050 /* PersonalInfoView.swift */; };
		143CF0A5266BDB2A00811FA3 /* UIProtocols.swift in Sources */ = {isa = PBXBuildFile; fileRef = 143CF0A4266BDB2A00811FA3 /* UIProtocols.swift */; };
		143CF0A7266CEA4100811FA3 /* PickerModule.swift in Sources */ = {isa = PBXBuildFile; fileRef = 143CF0A6266CEA4100811FA3 /* PickerModule.swift */; };
		143CF0A9266CEDF600811FA3 /* ServiceModuleBuilder.swift in Sources */ = {isa = PBXBuildFile; fileRef = 143CF0A8266CEDF600811FA3 /* ServiceModuleBuilder.swift */; };
		1442F4D5280A1A05005636E0 /* ResourcesTests.swift in Sources */ = {isa = PBXBuildFile; fileRef = 1442F4C7280A09B9005636E0 /* ResourcesTests.swift */; };
		1442F4D7280A25BC005636E0 /* BaseTableCell.swift in Sources */ = {isa = PBXBuildFile; fileRef = 1442F4D6280A25BC005636E0 /* BaseTableCell.swift */; };
		1443FDAE260BEEEE007CEBB1 /* Notificator.swift in Sources */ = {isa = PBXBuildFile; fileRef = 1443FDAD260BEEEE007CEBB1 /* Notificator.swift */; };
		1443FDB1260BFAB6007CEBB1 /* KeychainableModels.swift in Sources */ = {isa = PBXBuildFile; fileRef = 1443FDB0260BFAB6007CEBB1 /* KeychainableModels.swift */; };
		1449CDDA25C590CF00BBDAAE /* FoundationExtensions.swift in Sources */ = {isa = PBXBuildFile; fileRef = 1449CDD925C590CF00BBDAAE /* FoundationExtensions.swift */; };
		144B8C6826D5A3D9006D7F29 /* KeyboardBindedButton.swift in Sources */ = {isa = PBXBuildFile; fileRef = 144B8C6726D5A3D9006D7F29 /* KeyboardBindedButton.swift */; };
		14550602283195890035F47D /* AuthInteractor.swift in Sources */ = {isa = PBXBuildFile; fileRef = 14550601283195890035F47D /* AuthInteractor.swift */; };
		1466B4A027FB91930026677B /* InitialazableViewController.swift in Sources */ = {isa = PBXBuildFile; fileRef = 1466B49F27FB91930026677B /* InitialazableViewController.swift */; };
		1467F78925D339DF00E318D3 /* UIExtensions.swift in Sources */ = {isa = PBXBuildFile; fileRef = 1467F78825D339DF00E318D3 /* UIExtensions.swift */; };
		1467F79725DD726500E318D3 /* BookingsViewController.swift in Sources */ = {isa = PBXBuildFile; fileRef = 1467F79625DD726500E318D3 /* BookingsViewController.swift */; };
		1467F79A25DD73BC00E318D3 /* BookingTVC.swift in Sources */ = {isa = PBXBuildFile; fileRef = 1467F79925DD73BC00E318D3 /* BookingTVC.swift */; };
		146CED0326B9EE8D00427A1F /* .swiftlint.yml in Resources */ = {isa = PBXBuildFile; fileRef = 146CED0226B9EE8D00427A1F /* .swiftlint.yml */; };
		146E348327D5339000534B6F /* Bodies.swift in Sources */ = {isa = PBXBuildFile; fileRef = 146E348227D5339000534B6F /* Bodies.swift */; };
		1471C958284942B2000624FC /* AgreementViewController.swift in Sources */ = {isa = PBXBuildFile; fileRef = 1471C957284942B2000624FC /* AgreementViewController.swift */; };
		147BEB9627F66B1B005B3B6D /* TinyConstraints in Frameworks */ = {isa = PBXBuildFile; productRef = 147BEB9527F66B1B005B3B6D /* TinyConstraints */; };
		147D4A2D27E6152100010E63 /* PersonalInfoModuleTests.swift in Sources */ = {isa = PBXBuildFile; fileRef = 147D4A2C27E6152100010E63 /* PersonalInfoModuleTests.swift */; };
		147D4A2F27E6170600010E63 /* DefaultsBackedTests.swift in Sources */ = {isa = PBXBuildFile; fileRef = 147D4A2E27E6170600010E63 /* DefaultsBackedTests.swift */; };
		147D4A3127E63D1300010E63 /* DefaultsManagerTests.swift in Sources */ = {isa = PBXBuildFile; fileRef = 147D4A3027E63D1300010E63 /* DefaultsManagerTests.swift */; };
		147E789427FFA8190017ACA7 /* UIImage+Constants.swift in Sources */ = {isa = PBXBuildFile; fileRef = 147E789327FFA8190017ACA7 /* UIImage+Constants.swift */; };
		147E789627FFACB80017ACA7 /* MainTabBarController.swift in Sources */ = {isa = PBXBuildFile; fileRef = 147E789527FFACB80017ACA7 /* MainTabBarController.swift */; };
		147E789827FFB2090017ACA7 /* UtilsFlow.swift in Sources */ = {isa = PBXBuildFile; fileRef = 147E789727FFB2090017ACA7 /* UtilsFlow.swift */; };
		149092622696502100390D04 /* PhoneTextField.swift in Sources */ = {isa = PBXBuildFile; fileRef = 149092612696502100390D04 /* PhoneTextField.swift */; };
		14920D6227A5DAB400B28D51 /* DateFormatting.swift in Sources */ = {isa = PBXBuildFile; fileRef = 14920D6127A5DAB400B28D51 /* DateFormatting.swift */; };
		1494038D26B0796F0088C7E4 /* SwiftKeychainWrapper in Frameworks */ = {isa = PBXBuildFile; productRef = 1494038C26B0796F0088C7E4 /* SwiftKeychainWrapper */; };
		1494038F26B0929F0088C7E4 /* KeychainManager.swift in Sources */ = {isa = PBXBuildFile; fileRef = 1494038E26B0929F0088C7E4 /* KeychainManager.swift */; };
		1495723F25B9FEE40031A5AA /* NewsTableCell.swift in Sources */ = {isa = PBXBuildFile; fileRef = 1495723E25B9FEE40031A5AA /* NewsTableCell.swift */; };
		149CC28726765AB700B5172A /* TimePickerModule.swift in Sources */ = {isa = PBXBuildFile; fileRef = 149CC28626765AB700B5172A /* TimePickerModule.swift */; };
		149FA73D26889B00002B0658 /* ServiceProtocols.swift in Sources */ = {isa = PBXBuildFile; fileRef = 149FA73C26889B00002B0658 /* ServiceProtocols.swift */; };
		14A4DA3F27581989009D66EA /* CityPickerViewController.swift in Sources */ = {isa = PBXBuildFile; fileRef = 14A4DA3E27581989009D66EA /* CityPickerViewController.swift */; };
		14A8D8952617C25F0086BC12 /* Mocks.swift in Sources */ = {isa = PBXBuildFile; fileRef = 14A8D8942617C25F0086BC12 /* Mocks.swift */; };
		14A8D8982617C5C40086BC12 /* MyProfile.storyboard in Resources */ = {isa = PBXBuildFile; fileRef = 14A8D8972617C5C40086BC12 /* MyProfile.storyboard */; };
		14AB8D612714C81A004D225F /* LoadingView.swift in Sources */ = {isa = PBXBuildFile; fileRef = 14AB8D602714C81A004D225F /* LoadingView.swift */; };
		14B2A7E4275BECF3002A6ADF /* CityTVC.swift in Sources */ = {isa = PBXBuildFile; fileRef = 14B2A7E3275BECF3002A6ADF /* CityTVC.swift */; };
		14B2A7E8275C0996002A6ADF /* CityPickerInteractor.swift in Sources */ = {isa = PBXBuildFile; fileRef = 14B2A7E7275C0996002A6ADF /* CityPickerInteractor.swift */; };
		14C50A0725F3CCFE00608056 /* SettingsViewController.swift in Sources */ = {isa = PBXBuildFile; fileRef = 14C50A0625F3CCFE00608056 /* SettingsViewController.swift */; };
		14C64D292793804C0023C850 /* Validatable.swift in Sources */ = {isa = PBXBuildFile; fileRef = 14C64D282793804C0023C850 /* Validatable.swift */; };
		14C7E65E26433B2A000B24B6 /* ConnectionLostViewController.swift in Sources */ = {isa = PBXBuildFile; fileRef = 14C7E65D26433B2A000B24B6 /* ConnectionLostViewController.swift */; };
		14C7E66626501770000B24B6 /* BaseServiceViewController.swift in Sources */ = {isa = PBXBuildFile; fileRef = 14C7E66426501770000B24B6 /* BaseServiceViewController.swift */; };
		14C7E66926625AB0000B24B6 /* MyManagerViewController.swift in Sources */ = {isa = PBXBuildFile; fileRef = 14C7E66826625AB0000B24B6 /* MyManagerViewController.swift */; };
		14CB6AD627E91C4200715A5D /* KeychainManagerTests.swift in Sources */ = {isa = PBXBuildFile; fileRef = 14CB6AD527E91C4200715A5D /* KeychainManagerTests.swift */; };
		14CB6AD927E92AB300715A5D /* FlowsTests.swift in Sources */ = {isa = PBXBuildFile; fileRef = 14CB6AD827E92AB300715A5D /* FlowsTests.swift */; };
		14CF66A5267F6081000FCEAC /* ManagerCVC.swift in Sources */ = {isa = PBXBuildFile; fileRef = 14CF66A4267F6081000FCEAC /* ManagerCVC.swift */; };
		14CFEF0B2714E22C0034046C /* CustomizableButton.swift in Sources */ = {isa = PBXBuildFile; fileRef = 14CFEF0A2714E22C0034046C /* CustomizableButton.swift */; };
		14D55FFA2753AC0C00546587 /* RequestPath.swift in Sources */ = {isa = PBXBuildFile; fileRef = 14D55FF92753AC0C00546587 /* RequestPath.swift */; };
		14D55FFC2753AC1700546587 /* RequestKey.swift in Sources */ = {isa = PBXBuildFile; fileRef = 14D55FFB2753AC1700546587 /* RequestKey.swift */; };
		14D560002753D1FA00546587 /* Nuke in Frameworks */ = {isa = PBXBuildFile; productRef = 14D55FFF2753D1FA00546587 /* Nuke */; };
		14DF1E44272D8F3C00B4556E /* SwiftSoup in Frameworks */ = {isa = PBXBuildFile; productRef = 14DF1E43272D8F3C00B4556E /* SwiftSoup */; };
		14DF1E46272D8F6A00B4556E /* HtmlParser.swift in Sources */ = {isa = PBXBuildFile; fileRef = 14DF1E45272D8F6A00B4556E /* HtmlParser.swift */; };
		14DFB9252763F5BA00465736 /* AddCarInteractor.swift in Sources */ = {isa = PBXBuildFile; fileRef = 14DFB9242763F5BA00465736 /* AddCarInteractor.swift */; };
		14E5A9CF26345D7C0057BEF3 /* Errors.swift in Sources */ = {isa = PBXBuildFile; fileRef = 14E5A9CE26345D7C0057BEF3 /* Errors.swift */; };
		14E7B1E6276F676B00C8D26B /* ServicesInteractor.swift in Sources */ = {isa = PBXBuildFile; fileRef = 14E7B1E5276F676B00C8D26B /* ServicesInteractor.swift */; };
		14EC744D27F8F98100AC6648 /* BaseCollectionCell.swift in Sources */ = {isa = PBXBuildFile; fileRef = 14EC744C27F8F98100AC6648 /* BaseCollectionCell.swift */; };
		14EE77862790C4B4005D89D3 /* ShowroomsUrl.swift in Sources */ = {isa = PBXBuildFile; fileRef = 14EE77852790C4B4005D89D3 /* ShowroomsUrl.swift */; };
		14F091FD27E3D6E000B03130 /* PersonalInfoModels.swift in Sources */ = {isa = PBXBuildFile; fileRef = 14F091FC27E3D6E000B03130 /* PersonalInfoModels.swift */; };
		14F2B43F2762BC88006CD697 /* AddCarViewController.swift in Sources */ = {isa = PBXBuildFile; fileRef = 14F2B43E2762BC88006CD697 /* AddCarViewController.swift */; };
		14F4A79B2859300000400B36 /* ChatViewController.swift in Sources */ = {isa = PBXBuildFile; fileRef = 14F4A79A2859300000400B36 /* ChatViewController.swift */; };
		14F519922777E39900FF695D /* TintedImageButton.swift in Sources */ = {isa = PBXBuildFile; fileRef = 14F519912777E39900FF695D /* TintedImageButton.swift */; };
		A727F40E2587E8EB00B8CB79 /* UserDefaultsManager.swift in Sources */ = {isa = PBXBuildFile; fileRef = A727F40D2587E8EB00B8CB79 /* UserDefaultsManager.swift */; };
		A727F4112588263C00B8CB79 /* ControllersProtocols.swift in Sources */ = {isa = PBXBuildFile; fileRef = A727F4102588263C00B8CB79 /* ControllersProtocols.swift */; };
		A7346F6A287CDBAD007A7668 /* PersonalInfoProtocols.swift in Sources */ = {isa = PBXBuildFile; fileRef = A7346F69287CDBAD007A7668 /* PersonalInfoProtocols.swift */; };
		A74D2899253680FB00A1C856 /* UrlBuilder.swift in Sources */ = {isa = PBXBuildFile; fileRef = A74D2898253680FB00A1C856 /* UrlBuilder.swift */; };
		A759468C2523E32F00312EBE /* AppDelegate.swift in Sources */ = {isa = PBXBuildFile; fileRef = A759468B2523E32F00312EBE /* AppDelegate.swift */; };
		A759468E2523E32F00312EBE /* SceneDelegate.swift in Sources */ = {isa = PBXBuildFile; fileRef = A759468D2523E32F00312EBE /* SceneDelegate.swift */; };
		A75946952523E33400312EBE /* Assets.xcassets in Resources */ = {isa = PBXBuildFile; fileRef = A75946942523E33400312EBE /* Assets.xcassets */; };
		A75946982523E33400312EBE /* LaunchScreen.storyboard in Resources */ = {isa = PBXBuildFile; fileRef = A75946962523E33400312EBE /* LaunchScreen.storyboard */; };
		A75946A12523E80400312EBE /* AuthViewController.swift in Sources */ = {isa = PBXBuildFile; fileRef = A75946A02523E80400312EBE /* AuthViewController.swift */; };
		A75FB5D625589B8D001CA3D1 /* EndRegistrationViewController.swift in Sources */ = {isa = PBXBuildFile; fileRef = A75FB5D525589B8D001CA3D1 /* EndRegistrationViewController.swift */; };
		A775BB4E258E48ED00B8CA8A /* MyCarsViewController.swift in Sources */ = {isa = PBXBuildFile; fileRef = A775BB4D258E48ED00B8CA8A /* MyCarsViewController.swift */; };
		A7777514259BF8DE006D30EA /* ControllersExtensions.swift in Sources */ = {isa = PBXBuildFile; fileRef = A7777513259BF8DE006D30EA /* ControllersExtensions.swift */; };
		A77AA963252E7993004D12E8 /* NetworkService.swift in Sources */ = {isa = PBXBuildFile; fileRef = A77AA962252E7993004D12E8 /* NetworkService.swift */; };
		A77AA966252E7F21004D12E8 /* SmsCodeViewController.swift in Sources */ = {isa = PBXBuildFile; fileRef = A77AA965252E7F21004D12E8 /* SmsCodeViewController.swift */; };
		A77AA96925325917004D12E8 /* FirstLaunchRegistration.storyboard in Resources */ = {isa = PBXBuildFile; fileRef = A77AA96825325917004D12E8 /* FirstLaunchRegistration.storyboard */; };
		A77B9312253B035F0011282E /* Responses.swift in Sources */ = {isa = PBXBuildFile; fileRef = A77B9311253B035F0011282E /* Responses.swift */; };
		A78A4EF82548EA600026B76B /* NoPasteTextField.swift in Sources */ = {isa = PBXBuildFile; fileRef = A78A4EF72548EA600026B76B /* NoPasteTextField.swift */; };
		A791FDDD2524E1B900A595BB /* MyProfileViewController.swift in Sources */ = {isa = PBXBuildFile; fileRef = A791FDDC2524E1B900A595BB /* MyProfileViewController.swift */; };
		A791FDDF2524E1D700A595BB /* ServicesViewController.swift in Sources */ = {isa = PBXBuildFile; fileRef = A791FDDE2524E1D700A595BB /* ServicesViewController.swift */; };
		A791FDE12524E1E400A595BB /* NewsViewController.swift in Sources */ = {isa = PBXBuildFile; fileRef = A791FDE02524E1E400A595BB /* NewsViewController.swift */; };
		A791FDEA25267A1A00A595BB /* ViewUtils.swift in Sources */ = {isa = PBXBuildFile; fileRef = A791FDE925267A1A00A595BB /* ViewUtils.swift */; };
		A7924D13254B743F001B67C1 /* ToyotaType-Light.ttf in Resources */ = {isa = PBXBuildFile; fileRef = A7924CFB254B70E8001B67C1 /* ToyotaType-Light.ttf */; };
		A7924D14254B743F001B67C1 /* ToyotaType-RegularIt.ttf in Resources */ = {isa = PBXBuildFile; fileRef = A7924CFD254B70E8001B67C1 /* ToyotaType-RegularIt.ttf */; };
		A7924D15254B743F001B67C1 /* ToyotaType-BoldIt.ttf in Resources */ = {isa = PBXBuildFile; fileRef = A7924D01254B70E8001B67C1 /* ToyotaType-BoldIt.ttf */; };
		A7924D16254B743F001B67C1 /* ToyotaType-Regular.ttf in Resources */ = {isa = PBXBuildFile; fileRef = A7924CFC254B70E8001B67C1 /* ToyotaType-Regular.ttf */; };
		A7924D17254B743F001B67C1 /* ToyotaType-Bold.ttf in Resources */ = {isa = PBXBuildFile; fileRef = A7924CF9254B70E8001B67C1 /* ToyotaType-Bold.ttf */; };
		A7924D18254B743F001B67C1 /* ToyotaType-Book.ttf in Resources */ = {isa = PBXBuildFile; fileRef = A7924CF8254B70E8001B67C1 /* ToyotaType-Book.ttf */; };
		A7924D19254B743F001B67C1 /* ToyotaType-BookIt.ttf in Resources */ = {isa = PBXBuildFile; fileRef = A7924CF7254B70E8001B67C1 /* ToyotaType-BookIt.ttf */; };
		A7924D1A254B743F001B67C1 /* ToyotaType-LightIt.ttf in Resources */ = {isa = PBXBuildFile; fileRef = A7924CFE254B70E8001B67C1 /* ToyotaType-LightIt.ttf */; };
		A7924D1B254B743F001B67C1 /* ToyotaType-Black.ttf in Resources */ = {isa = PBXBuildFile; fileRef = A7924CFA254B70E8001B67C1 /* ToyotaType-Black.ttf */; };
		A7924D1C254B743F001B67C1 /* ToyotaType-SemiboldIt.ttf in Resources */ = {isa = PBXBuildFile; fileRef = A7924D00254B70E8001B67C1 /* ToyotaType-SemiboldIt.ttf */; };
		A7924D1D254B743F001B67C1 /* ToyotaType-BlackIt.ttf in Resources */ = {isa = PBXBuildFile; fileRef = A7924CF6254B70E7001B67C1 /* ToyotaType-BlackIt.ttf */; };
		A7924D1E254B743F001B67C1 /* ToyotaType-Semibold.ttf in Resources */ = {isa = PBXBuildFile; fileRef = A7924CFF254B70E8001B67C1 /* ToyotaType-Semibold.ttf */; };
		A7A085F5255C7BC600807225 /* UserInfo.swift in Sources */ = {isa = PBXBuildFile; fileRef = A7A085F4255C7BC600807225 /* UserInfo.swift */; };
		A7A085FD255C869C00807225 /* SwiftEntryKit in Frameworks */ = {isa = PBXBuildFile; productRef = A7A085FC255C869C00807225 /* SwiftEntryKit */; };
		A7A1AB0E255D9F75008182A2 /* PopUp.swift in Sources */ = {isa = PBXBuildFile; fileRef = A7A1AB0D255D9F75008182A2 /* PopUp.swift */; };
		A7A72DC82554A5C500A44984 /* CarCVC.swift in Sources */ = {isa = PBXBuildFile; fileRef = A7A72DC72554A5C500A44984 /* CarCVC.swift */; };
		A7AABF8025A9EACB00C72F65 /* ServiceTypeCell.swift in Sources */ = {isa = PBXBuildFile; fileRef = A7AABF7F25A9EACB00C72F65 /* ServiceTypeCell.swift */; };
		A7F8BFE425695E76002AC621 /* NavigationService.swift in Sources */ = {isa = PBXBuildFile; fileRef = A7F8BFE325695E76002AC621 /* NavigationService.swift */; };
/* End PBXBuildFile section */

/* Begin PBXContainerItemProxy section */
		14F0920827E3EB7600B03130 /* PBXContainerItemProxy */ = {
			isa = PBXContainerItemProxy;
			containerPortal = A75946802523E32F00312EBE /* Project object */;
			proxyType = 1;
			remoteGlobalIDString = A75946872523E32F00312EBE;
			remoteInfo = ToyotaApp;
		};
/* End PBXContainerItemProxy section */

/* Begin PBXFileReference section */
		14025193267AAB89006CF4E2 /* MapModule.swift */ = {isa = PBXFileReference; lastKnownFileType = sourcecode.swift; path = MapModule.swift; sourceTree = "<group>"; };
		140BA59327A6C2A1002A7423 /* RegisterFlow.swift */ = {isa = PBXFileReference; lastKnownFileType = sourcecode.swift; path = RegisterFlow.swift; sourceTree = "<group>"; };
		140BA59527A6C310002A7423 /* AuthFlow.swift */ = {isa = PBXFileReference; lastKnownFileType = sourcecode.swift; path = AuthFlow.swift; sourceTree = "<group>"; };
		140BA59727A6CB67002A7423 /* MainMenuFlow.swift */ = {isa = PBXFileReference; lastKnownFileType = sourcecode.swift; path = MainMenuFlow.swift; sourceTree = "<group>"; };
		140BA59927A6CD73002A7423 /* CheckUserContext.swift */ = {isa = PBXFileReference; lastKnownFileType = sourcecode.swift; path = CheckUserContext.swift; sourceTree = "<group>"; };
		14117EA9284EA86B001585CD /* SplashScreenViewController.swift */ = {isa = PBXFileReference; lastKnownFileType = sourcecode.swift; path = SplashScreenViewController.swift; sourceTree = "<group>"; };
		141875CB279DE1D900FFEA99 /* BookingStatus.swift */ = {isa = PBXFileReference; lastKnownFileType = sourcecode.swift; path = BookingStatus.swift; sourceTree = "<group>"; };
		14188032278B3498000B82DD /* UIView+Extensions.swift */ = {isa = PBXFileReference; lastKnownFileType = sourcecode.swift; path = "UIView+Extensions.swift"; sourceTree = "<group>"; };
		1419834127E285E4004573A1 /* PersonalInfoInteractor.swift */ = {isa = PBXFileReference; lastKnownFileType = sourcecode.swift; path = PersonalInfoInteractor.swift; sourceTree = "<group>"; };
		1419834327E28663004573A1 /* PersonalInfoPresenter.swift */ = {isa = PBXFileReference; lastKnownFileType = sourcecode.swift; path = PersonalInfoPresenter.swift; sourceTree = "<group>"; };
		1419C7372683E102001F7EF3 /* TestDriveViewController.swift */ = {isa = PBXFileReference; lastKnownFileType = sourcecode.swift; path = TestDriveViewController.swift; sourceTree = "<group>"; };
		1419D0C727752F6500D95B7F /* Models.swift */ = {isa = PBXFileReference; lastKnownFileType = sourcecode.swift; path = Models.swift; sourceTree = "<group>"; };
		141A520327F08F9E00E7B9B2 /* BodyProtocols.swift */ = {isa = PBXFileReference; lastKnownFileType = sourcecode.swift; path = BodyProtocols.swift; sourceTree = "<group>"; };
		141A520627F0A18700E7B9B2 /* InfoService.swift */ = {isa = PBXFileReference; lastKnownFileType = sourcecode.swift; path = InfoService.swift; sourceTree = "<group>"; };
		141A64A42706519E00EEFC6E /* PickerModuleView.swift */ = {isa = PBXFileReference; lastKnownFileType = sourcecode.swift; path = PickerModuleView.swift; sourceTree = "<group>"; };
		141A64A6270651AB00EEFC6E /* TimePickerModuleView.swift */ = {isa = PBXFileReference; lastKnownFileType = sourcecode.swift; path = TimePickerModuleView.swift; sourceTree = "<group>"; };
		141A64A8270651BB00EEFC6E /* MapModuleView.swift */ = {isa = PBXFileReference; lastKnownFileType = sourcecode.swift; path = MapModuleView.swift; sourceTree = "<group>"; };
		141BACD62725AEF400704589 /* CustomizableStackView.swift */ = {isa = PBXFileReference; lastKnownFileType = sourcecode.swift; path = CustomizableStackView.swift; sourceTree = "<group>"; };
		1425230326FFBD7C00B177B7 /* RequestHandler.swift */ = {isa = PBXFileReference; lastKnownFileType = sourcecode.swift; path = RequestHandler.swift; sourceTree = "<group>"; };
		1425230526FFBF8F00B177B7 /* Strings.swift */ = {isa = PBXFileReference; lastKnownFileType = sourcecode.swift; path = Strings.swift; sourceTree = "<group>"; };
		142B292728382B58007DC48D /* SmsCodeInteractor.swift */ = {isa = PBXFileReference; lastKnownFileType = sourcecode.swift; path = SmsCodeInteractor.swift; sourceTree = "<group>"; };
		1433C7C7269F304C00BCB70B /* InputTextField.swift */ = {isa = PBXFileReference; lastKnownFileType = sourcecode.swift; path = InputTextField.swift; sourceTree = "<group>"; };
		143CCB5A286261C900842050 /* PersonalInfoView.swift */ = {isa = PBXFileReference; lastKnownFileType = sourcecode.swift; path = PersonalInfoView.swift; sourceTree = "<group>"; };
		143CF0A4266BDB2A00811FA3 /* UIProtocols.swift */ = {isa = PBXFileReference; lastKnownFileType = sourcecode.swift; path = UIProtocols.swift; sourceTree = "<group>"; };
		143CF0A6266CEA4100811FA3 /* PickerModule.swift */ = {isa = PBXFileReference; lastKnownFileType = sourcecode.swift; path = PickerModule.swift; sourceTree = "<group>"; };
		143CF0A8266CEDF600811FA3 /* ServiceModuleBuilder.swift */ = {isa = PBXFileReference; lastKnownFileType = sourcecode.swift; path = ServiceModuleBuilder.swift; sourceTree = "<group>"; };
		1442F4C7280A09B9005636E0 /* ResourcesTests.swift */ = {isa = PBXFileReference; lastKnownFileType = sourcecode.swift; path = ResourcesTests.swift; sourceTree = "<group>"; };
		1442F4D6280A25BC005636E0 /* BaseTableCell.swift */ = {isa = PBXFileReference; lastKnownFileType = sourcecode.swift; path = BaseTableCell.swift; sourceTree = "<group>"; };
		1443FDAD260BEEEE007CEBB1 /* Notificator.swift */ = {isa = PBXFileReference; lastKnownFileType = sourcecode.swift; path = Notificator.swift; sourceTree = "<group>"; };
		1443FDB0260BFAB6007CEBB1 /* KeychainableModels.swift */ = {isa = PBXFileReference; lastKnownFileType = sourcecode.swift; path = KeychainableModels.swift; sourceTree = "<group>"; };
		1449CDD925C590CF00BBDAAE /* FoundationExtensions.swift */ = {isa = PBXFileReference; lastKnownFileType = sourcecode.swift; path = FoundationExtensions.swift; sourceTree = "<group>"; };
		144B8C6726D5A3D9006D7F29 /* KeyboardBindedButton.swift */ = {isa = PBXFileReference; lastKnownFileType = sourcecode.swift; path = KeyboardBindedButton.swift; sourceTree = "<group>"; };
		14550601283195890035F47D /* AuthInteractor.swift */ = {isa = PBXFileReference; lastKnownFileType = sourcecode.swift; path = AuthInteractor.swift; sourceTree = "<group>"; };
		1466B49F27FB91930026677B /* InitialazableViewController.swift */ = {isa = PBXFileReference; lastKnownFileType = sourcecode.swift; path = InitialazableViewController.swift; sourceTree = "<group>"; };
		1467F78825D339DF00E318D3 /* UIExtensions.swift */ = {isa = PBXFileReference; lastKnownFileType = sourcecode.swift; path = UIExtensions.swift; sourceTree = "<group>"; };
		1467F79625DD726500E318D3 /* BookingsViewController.swift */ = {isa = PBXFileReference; lastKnownFileType = sourcecode.swift; path = BookingsViewController.swift; sourceTree = "<group>"; };
		1467F79925DD73BC00E318D3 /* BookingTVC.swift */ = {isa = PBXFileReference; lastKnownFileType = sourcecode.swift; path = BookingTVC.swift; sourceTree = "<group>"; };
		146CED0226B9EE8D00427A1F /* .swiftlint.yml */ = {isa = PBXFileReference; lastKnownFileType = text.yaml; path = .swiftlint.yml; sourceTree = "<group>"; };
		146E348227D5339000534B6F /* Bodies.swift */ = {isa = PBXFileReference; lastKnownFileType = sourcecode.swift; path = Bodies.swift; sourceTree = "<group>"; };
		1471C957284942B2000624FC /* AgreementViewController.swift */ = {isa = PBXFileReference; lastKnownFileType = sourcecode.swift; path = AgreementViewController.swift; sourceTree = "<group>"; };
		147D4A2C27E6152100010E63 /* PersonalInfoModuleTests.swift */ = {isa = PBXFileReference; lastKnownFileType = sourcecode.swift; path = PersonalInfoModuleTests.swift; sourceTree = "<group>"; };
		147D4A2E27E6170600010E63 /* DefaultsBackedTests.swift */ = {isa = PBXFileReference; lastKnownFileType = sourcecode.swift; path = DefaultsBackedTests.swift; sourceTree = "<group>"; };
		147D4A3027E63D1300010E63 /* DefaultsManagerTests.swift */ = {isa = PBXFileReference; lastKnownFileType = sourcecode.swift; path = DefaultsManagerTests.swift; sourceTree = "<group>"; };
		147E789327FFA8190017ACA7 /* UIImage+Constants.swift */ = {isa = PBXFileReference; lastKnownFileType = sourcecode.swift; path = "UIImage+Constants.swift"; sourceTree = "<group>"; };
		147E789527FFACB80017ACA7 /* MainTabBarController.swift */ = {isa = PBXFileReference; lastKnownFileType = sourcecode.swift; path = MainTabBarController.swift; sourceTree = "<group>"; };
		147E789727FFB2090017ACA7 /* UtilsFlow.swift */ = {isa = PBXFileReference; lastKnownFileType = sourcecode.swift; path = UtilsFlow.swift; sourceTree = "<group>"; };
		149092612696502100390D04 /* PhoneTextField.swift */ = {isa = PBXFileReference; lastKnownFileType = sourcecode.swift; path = PhoneTextField.swift; sourceTree = "<group>"; };
		14920D6127A5DAB400B28D51 /* DateFormatting.swift */ = {isa = PBXFileReference; lastKnownFileType = sourcecode.swift; path = DateFormatting.swift; sourceTree = "<group>"; };
		1494038E26B0929F0088C7E4 /* KeychainManager.swift */ = {isa = PBXFileReference; lastKnownFileType = sourcecode.swift; path = KeychainManager.swift; sourceTree = "<group>"; };
		1495723E25B9FEE40031A5AA /* NewsTableCell.swift */ = {isa = PBXFileReference; lastKnownFileType = sourcecode.swift; path = NewsTableCell.swift; sourceTree = "<group>"; };
		149CC28626765AB700B5172A /* TimePickerModule.swift */ = {isa = PBXFileReference; lastKnownFileType = sourcecode.swift; path = TimePickerModule.swift; sourceTree = "<group>"; };
		149FA73C26889B00002B0658 /* ServiceProtocols.swift */ = {isa = PBXFileReference; lastKnownFileType = sourcecode.swift; path = ServiceProtocols.swift; sourceTree = "<group>"; };
		14A4DA3E27581989009D66EA /* CityPickerViewController.swift */ = {isa = PBXFileReference; lastKnownFileType = sourcecode.swift; path = CityPickerViewController.swift; sourceTree = "<group>"; };
		14A8D8942617C25F0086BC12 /* Mocks.swift */ = {isa = PBXFileReference; lastKnownFileType = sourcecode.swift; path = Mocks.swift; sourceTree = "<group>"; };
		14A8D8972617C5C40086BC12 /* MyProfile.storyboard */ = {isa = PBXFileReference; lastKnownFileType = file.storyboard; path = MyProfile.storyboard; sourceTree = "<group>"; };
		14AB8D602714C81A004D225F /* LoadingView.swift */ = {isa = PBXFileReference; lastKnownFileType = sourcecode.swift; path = LoadingView.swift; sourceTree = "<group>"; };
		14B2A7E3275BECF3002A6ADF /* CityTVC.swift */ = {isa = PBXFileReference; lastKnownFileType = sourcecode.swift; path = CityTVC.swift; sourceTree = "<group>"; };
		14B2A7E7275C0996002A6ADF /* CityPickerInteractor.swift */ = {isa = PBXFileReference; lastKnownFileType = sourcecode.swift; path = CityPickerInteractor.swift; sourceTree = "<group>"; };
		14C50A0625F3CCFE00608056 /* SettingsViewController.swift */ = {isa = PBXFileReference; lastKnownFileType = sourcecode.swift; path = SettingsViewController.swift; sourceTree = "<group>"; };
		14C64D282793804C0023C850 /* Validatable.swift */ = {isa = PBXFileReference; lastKnownFileType = sourcecode.swift; path = Validatable.swift; sourceTree = "<group>"; };
		14C7E65D26433B2A000B24B6 /* ConnectionLostViewController.swift */ = {isa = PBXFileReference; lastKnownFileType = sourcecode.swift; path = ConnectionLostViewController.swift; sourceTree = "<group>"; };
		14C7E66426501770000B24B6 /* BaseServiceViewController.swift */ = {isa = PBXFileReference; lastKnownFileType = sourcecode.swift; path = BaseServiceViewController.swift; sourceTree = "<group>"; };
		14C7E66826625AB0000B24B6 /* MyManagerViewController.swift */ = {isa = PBXFileReference; lastKnownFileType = sourcecode.swift; path = MyManagerViewController.swift; sourceTree = "<group>"; };
		14CB6AD527E91C4200715A5D /* KeychainManagerTests.swift */ = {isa = PBXFileReference; lastKnownFileType = sourcecode.swift; path = KeychainManagerTests.swift; sourceTree = "<group>"; };
		14CB6AD827E92AB300715A5D /* FlowsTests.swift */ = {isa = PBXFileReference; lastKnownFileType = sourcecode.swift; path = FlowsTests.swift; sourceTree = "<group>"; };
		14CF66A4267F6081000FCEAC /* ManagerCVC.swift */ = {isa = PBXFileReference; lastKnownFileType = sourcecode.swift; path = ManagerCVC.swift; sourceTree = "<group>"; };
		14CFEF0A2714E22C0034046C /* CustomizableButton.swift */ = {isa = PBXFileReference; lastKnownFileType = sourcecode.swift; path = CustomizableButton.swift; sourceTree = "<group>"; };
		14D55FF92753AC0C00546587 /* RequestPath.swift */ = {isa = PBXFileReference; lastKnownFileType = sourcecode.swift; path = RequestPath.swift; sourceTree = "<group>"; };
		14D55FFB2753AC1700546587 /* RequestKey.swift */ = {isa = PBXFileReference; lastKnownFileType = sourcecode.swift; path = RequestKey.swift; sourceTree = "<group>"; };
		14DF1E45272D8F6A00B4556E /* HtmlParser.swift */ = {isa = PBXFileReference; lastKnownFileType = sourcecode.swift; path = HtmlParser.swift; sourceTree = "<group>"; };
		14DFB9242763F5BA00465736 /* AddCarInteractor.swift */ = {isa = PBXFileReference; lastKnownFileType = sourcecode.swift; path = AddCarInteractor.swift; sourceTree = "<group>"; };
		14E5A9CE26345D7C0057BEF3 /* Errors.swift */ = {isa = PBXFileReference; lastKnownFileType = sourcecode.swift; path = Errors.swift; sourceTree = "<group>"; };
		14E7B1E5276F676B00C8D26B /* ServicesInteractor.swift */ = {isa = PBXFileReference; lastKnownFileType = sourcecode.swift; path = ServicesInteractor.swift; sourceTree = "<group>"; };
		14EC744C27F8F98100AC6648 /* BaseCollectionCell.swift */ = {isa = PBXFileReference; lastKnownFileType = sourcecode.swift; path = BaseCollectionCell.swift; sourceTree = "<group>"; };
		14EE77852790C4B4005D89D3 /* ShowroomsUrl.swift */ = {isa = PBXFileReference; lastKnownFileType = sourcecode.swift; path = ShowroomsUrl.swift; sourceTree = "<group>"; };
		14F091FC27E3D6E000B03130 /* PersonalInfoModels.swift */ = {isa = PBXFileReference; lastKnownFileType = sourcecode.swift; path = PersonalInfoModels.swift; sourceTree = "<group>"; };
		14F0920427E3EB7500B03130 /* ToyotaAppTests.xctest */ = {isa = PBXFileReference; explicitFileType = wrapper.cfbundle; includeInIndex = 0; path = ToyotaAppTests.xctest; sourceTree = BUILT_PRODUCTS_DIR; };
		14F2B43E2762BC88006CD697 /* AddCarViewController.swift */ = {isa = PBXFileReference; lastKnownFileType = sourcecode.swift; path = AddCarViewController.swift; sourceTree = "<group>"; };
		14F4A79A2859300000400B36 /* ChatViewController.swift */ = {isa = PBXFileReference; lastKnownFileType = sourcecode.swift; path = ChatViewController.swift; sourceTree = "<group>"; };
		14F519912777E39900FF695D /* TintedImageButton.swift */ = {isa = PBXFileReference; lastKnownFileType = sourcecode.swift; path = TintedImageButton.swift; sourceTree = "<group>"; };
		A727F40D2587E8EB00B8CB79 /* UserDefaultsManager.swift */ = {isa = PBXFileReference; lastKnownFileType = sourcecode.swift; path = UserDefaultsManager.swift; sourceTree = "<group>"; };
		A727F4102588263C00B8CB79 /* ControllersProtocols.swift */ = {isa = PBXFileReference; lastKnownFileType = sourcecode.swift; path = ControllersProtocols.swift; sourceTree = "<group>"; };
		A7346F69287CDBAD007A7668 /* PersonalInfoProtocols.swift */ = {isa = PBXFileReference; lastKnownFileType = sourcecode.swift; path = PersonalInfoProtocols.swift; sourceTree = "<group>"; };
		A74D2898253680FB00A1C856 /* UrlBuilder.swift */ = {isa = PBXFileReference; lastKnownFileType = sourcecode.swift; path = UrlBuilder.swift; sourceTree = "<group>"; };
		A75946882523E32F00312EBE /* ToyotaApp.app */ = {isa = PBXFileReference; explicitFileType = wrapper.application; includeInIndex = 0; path = ToyotaApp.app; sourceTree = BUILT_PRODUCTS_DIR; };
		A759468B2523E32F00312EBE /* AppDelegate.swift */ = {isa = PBXFileReference; lastKnownFileType = sourcecode.swift; path = AppDelegate.swift; sourceTree = "<group>"; };
		A759468D2523E32F00312EBE /* SceneDelegate.swift */ = {isa = PBXFileReference; lastKnownFileType = sourcecode.swift; path = SceneDelegate.swift; sourceTree = "<group>"; };
		A75946942523E33400312EBE /* Assets.xcassets */ = {isa = PBXFileReference; lastKnownFileType = folder.assetcatalog; path = Assets.xcassets; sourceTree = "<group>"; };
		A75946972523E33400312EBE /* Base */ = {isa = PBXFileReference; lastKnownFileType = file.storyboard; name = Base; path = Base.lproj/LaunchScreen.storyboard; sourceTree = "<group>"; };
		A75946992523E33400312EBE /* Info.plist */ = {isa = PBXFileReference; lastKnownFileType = text.plist.xml; path = Info.plist; sourceTree = "<group>"; };
		A75946A02523E80400312EBE /* AuthViewController.swift */ = {isa = PBXFileReference; lastKnownFileType = sourcecode.swift; path = AuthViewController.swift; sourceTree = "<group>"; };
		A75FB5D525589B8D001CA3D1 /* EndRegistrationViewController.swift */ = {isa = PBXFileReference; lastKnownFileType = sourcecode.swift; path = EndRegistrationViewController.swift; sourceTree = "<group>"; };
		A775BB4D258E48ED00B8CA8A /* MyCarsViewController.swift */ = {isa = PBXFileReference; lastKnownFileType = sourcecode.swift; path = MyCarsViewController.swift; sourceTree = "<group>"; };
		A7777513259BF8DE006D30EA /* ControllersExtensions.swift */ = {isa = PBXFileReference; lastKnownFileType = sourcecode.swift; path = ControllersExtensions.swift; sourceTree = "<group>"; };
		A77AA962252E7993004D12E8 /* NetworkService.swift */ = {isa = PBXFileReference; lastKnownFileType = sourcecode.swift; path = NetworkService.swift; sourceTree = "<group>"; };
		A77AA965252E7F21004D12E8 /* SmsCodeViewController.swift */ = {isa = PBXFileReference; lastKnownFileType = sourcecode.swift; path = SmsCodeViewController.swift; sourceTree = "<group>"; };
		A77AA96825325917004D12E8 /* FirstLaunchRegistration.storyboard */ = {isa = PBXFileReference; lastKnownFileType = file.storyboard; path = FirstLaunchRegistration.storyboard; sourceTree = "<group>"; };
		A77B9311253B035F0011282E /* Responses.swift */ = {isa = PBXFileReference; lastKnownFileType = sourcecode.swift; path = Responses.swift; sourceTree = "<group>"; };
		A78A4EF72548EA600026B76B /* NoPasteTextField.swift */ = {isa = PBXFileReference; lastKnownFileType = sourcecode.swift; path = NoPasteTextField.swift; sourceTree = "<group>"; };
		A791FDDC2524E1B900A595BB /* MyProfileViewController.swift */ = {isa = PBXFileReference; lastKnownFileType = sourcecode.swift; path = MyProfileViewController.swift; sourceTree = "<group>"; };
		A791FDDE2524E1D700A595BB /* ServicesViewController.swift */ = {isa = PBXFileReference; lastKnownFileType = sourcecode.swift; path = ServicesViewController.swift; sourceTree = "<group>"; };
		A791FDE02524E1E400A595BB /* NewsViewController.swift */ = {isa = PBXFileReference; lastKnownFileType = sourcecode.swift; path = NewsViewController.swift; sourceTree = "<group>"; };
		A791FDE925267A1A00A595BB /* ViewUtils.swift */ = {isa = PBXFileReference; lastKnownFileType = sourcecode.swift; path = ViewUtils.swift; sourceTree = "<group>"; };
		A7924CF6254B70E7001B67C1 /* ToyotaType-BlackIt.ttf */ = {isa = PBXFileReference; lastKnownFileType = file; path = "ToyotaType-BlackIt.ttf"; sourceTree = "<group>"; };
		A7924CF7254B70E8001B67C1 /* ToyotaType-BookIt.ttf */ = {isa = PBXFileReference; lastKnownFileType = file; path = "ToyotaType-BookIt.ttf"; sourceTree = "<group>"; };
		A7924CF8254B70E8001B67C1 /* ToyotaType-Book.ttf */ = {isa = PBXFileReference; lastKnownFileType = file; path = "ToyotaType-Book.ttf"; sourceTree = "<group>"; };
		A7924CF9254B70E8001B67C1 /* ToyotaType-Bold.ttf */ = {isa = PBXFileReference; lastKnownFileType = file; path = "ToyotaType-Bold.ttf"; sourceTree = "<group>"; };
		A7924CFA254B70E8001B67C1 /* ToyotaType-Black.ttf */ = {isa = PBXFileReference; lastKnownFileType = file; path = "ToyotaType-Black.ttf"; sourceTree = "<group>"; };
		A7924CFB254B70E8001B67C1 /* ToyotaType-Light.ttf */ = {isa = PBXFileReference; lastKnownFileType = file; path = "ToyotaType-Light.ttf"; sourceTree = "<group>"; };
		A7924CFC254B70E8001B67C1 /* ToyotaType-Regular.ttf */ = {isa = PBXFileReference; lastKnownFileType = file; path = "ToyotaType-Regular.ttf"; sourceTree = "<group>"; };
		A7924CFD254B70E8001B67C1 /* ToyotaType-RegularIt.ttf */ = {isa = PBXFileReference; lastKnownFileType = file; path = "ToyotaType-RegularIt.ttf"; sourceTree = "<group>"; };
		A7924CFE254B70E8001B67C1 /* ToyotaType-LightIt.ttf */ = {isa = PBXFileReference; lastKnownFileType = file; path = "ToyotaType-LightIt.ttf"; sourceTree = "<group>"; };
		A7924CFF254B70E8001B67C1 /* ToyotaType-Semibold.ttf */ = {isa = PBXFileReference; lastKnownFileType = file; path = "ToyotaType-Semibold.ttf"; sourceTree = "<group>"; };
		A7924D00254B70E8001B67C1 /* ToyotaType-SemiboldIt.ttf */ = {isa = PBXFileReference; lastKnownFileType = file; path = "ToyotaType-SemiboldIt.ttf"; sourceTree = "<group>"; };
		A7924D01254B70E8001B67C1 /* ToyotaType-BoldIt.ttf */ = {isa = PBXFileReference; lastKnownFileType = file; path = "ToyotaType-BoldIt.ttf"; sourceTree = "<group>"; };
		A7A085F4255C7BC600807225 /* UserInfo.swift */ = {isa = PBXFileReference; lastKnownFileType = sourcecode.swift; path = UserInfo.swift; sourceTree = "<group>"; };
		A7A1AB0D255D9F75008182A2 /* PopUp.swift */ = {isa = PBXFileReference; lastKnownFileType = sourcecode.swift; path = PopUp.swift; sourceTree = "<group>"; };
		A7A72DC72554A5C500A44984 /* CarCVC.swift */ = {isa = PBXFileReference; lastKnownFileType = sourcecode.swift; path = CarCVC.swift; sourceTree = "<group>"; };
		A7AABF7F25A9EACB00C72F65 /* ServiceTypeCell.swift */ = {isa = PBXFileReference; lastKnownFileType = sourcecode.swift; path = ServiceTypeCell.swift; sourceTree = "<group>"; };
		A7F8BFE325695E76002AC621 /* NavigationService.swift */ = {isa = PBXFileReference; lastKnownFileType = sourcecode.swift; path = NavigationService.swift; sourceTree = "<group>"; };
/* End PBXFileReference section */

/* Begin PBXFrameworksBuildPhase section */
		14F0920127E3EB7500B03130 /* Frameworks */ = {
			isa = PBXFrameworksBuildPhase;
			buildActionMask = 2147483647;
			files = (
			);
			runOnlyForDeploymentPostprocessing = 0;
		};
		A75946852523E32F00312EBE /* Frameworks */ = {
			isa = PBXFrameworksBuildPhase;
			buildActionMask = 2147483647;
			files = (
				A7A085FD255C869C00807225 /* SwiftEntryKit in Frameworks */,
				14DF1E44272D8F3C00B4556E /* SwiftSoup in Frameworks */,
				147BEB9627F66B1B005B3B6D /* TinyConstraints in Frameworks */,
				1494038D26B0796F0088C7E4 /* SwiftKeychainWrapper in Frameworks */,
				14D560002753D1FA00546587 /* Nuke in Frameworks */,
			);
			runOnlyForDeploymentPostprocessing = 0;
		};
/* End PBXFrameworksBuildPhase section */

/* Begin PBXGroup section */
		140BA59127A6C261002A7423 /* Navigation */ = {
			isa = PBXGroup;
			children = (
				147E789527FFACB80017ACA7 /* MainTabBarController.swift */,
				A7F8BFE325695E76002AC621 /* NavigationService.swift */,
				140BA59227A6C28D002A7423 /* Flows */,
			);
			path = Navigation;
			sourceTree = "<group>";
		};
		140BA59227A6C28D002A7423 /* Flows */ = {
			isa = PBXGroup;
			children = (
				140BA59527A6C310002A7423 /* AuthFlow.swift */,
				140BA59327A6C2A1002A7423 /* RegisterFlow.swift */,
				140BA59727A6CB67002A7423 /* MainMenuFlow.swift */,
				147E789727FFB2090017ACA7 /* UtilsFlow.swift */,
			);
			path = Flows;
			sourceTree = "<group>";
		};
		14117EA8284EA7E9001585CD /* Utility */ = {
			isa = PBXGroup;
			children = (
				14C7E65D26433B2A000B24B6 /* ConnectionLostViewController.swift */,
				1471C957284942B2000624FC /* AgreementViewController.swift */,
				14117EA9284EA86B001585CD /* SplashScreenViewController.swift */,
			);
			path = Utility;
			sourceTree = "<group>";
		};
		1419834027E28572004573A1 /* PersonalInfoModule */ = {
			isa = PBXGroup;
			children = (
				A7346F69287CDBAD007A7668 /* PersonalInfoProtocols.swift */,
				14F091FC27E3D6E000B03130 /* PersonalInfoModels.swift */,
				A7346F6B287CDBC1007A7668 /* Module */,
			);
			path = PersonalInfoModule;
			sourceTree = "<group>";
		};
		1419C7362683E0D7001F7EF3 /* Custom */ = {
			isa = PBXGroup;
			children = (
				1419C7372683E102001F7EF3 /* TestDriveViewController.swift */,
			);
			path = Custom;
			sourceTree = "<group>";
		};
		141A520527F0A13F00E7B9B2 /* Services */ = {
			isa = PBXGroup;
			children = (
				141A520627F0A18700E7B9B2 /* InfoService.swift */,
			);
			path = Services;
			sourceTree = "<group>";
		};
		1425230226FFBCC500B177B7 /* Persistance */ = {
			isa = PBXGroup;
			children = (
				1494038E26B0929F0088C7E4 /* KeychainManager.swift */,
				A727F40D2587E8EB00B8CB79 /* UserDefaultsManager.swift */,
				1443FDB0260BFAB6007CEBB1 /* KeychainableModels.swift */,
			);
			path = Persistance;
			sourceTree = "<group>";
		};
		1442F4C6280A0982005636E0 /* Resources */ = {
			isa = PBXGroup;
			children = (
				1442F4C7280A09B9005636E0 /* ResourcesTests.swift */,
			);
			path = Resources;
			sourceTree = "<group>";
		};
		146590F926EAB5CD0056E37D /* Modules */ = {
			isa = PBXGroup;
			children = (
				143CF0A6266CEA4100811FA3 /* PickerModule.swift */,
				141A64A42706519E00EEFC6E /* PickerModuleView.swift */,
				149CC28626765AB700B5172A /* TimePickerModule.swift */,
				141A64A6270651AB00EEFC6E /* TimePickerModuleView.swift */,
				14025193267AAB89006CF4E2 /* MapModule.swift */,
				141A64A8270651BB00EEFC6E /* MapModuleView.swift */,
			);
			path = Modules;
			sourceTree = "<group>";
		};
		147D4A2A27E614CA00010E63 /* Persistance */ = {
			isa = PBXGroup;
			children = (
				147D4A2E27E6170600010E63 /* DefaultsBackedTests.swift */,
				147D4A3027E63D1300010E63 /* DefaultsManagerTests.swift */,
				14CB6AD527E91C4200715A5D /* KeychainManagerTests.swift */,
			);
			path = Persistance;
			sourceTree = "<group>";
		};
		147D4A2B27E614E400010E63 /* Modules */ = {
			isa = PBXGroup;
			children = (
				147D4A2C27E6152100010E63 /* PersonalInfoModuleTests.swift */,
			);
			path = Modules;
			sourceTree = "<group>";
		};
		14C6F5E826C305F500661FF1 /* Resources */ = {
			isa = PBXGroup;
			children = (
				A75946992523E33400312EBE /* Info.plist */,
				146CED0226B9EE8D00427A1F /* .swiftlint.yml */,
				A7924CF1254B70B4001B67C1 /* Fonts */,
				A75946942523E33400312EBE /* Assets.xcassets */,
			);
			path = Resources;
			sourceTree = "<group>";
		};
		14CB6AD727E92A9A00715A5D /* Flows */ = {
			isa = PBXGroup;
			children = (
				14CB6AD827E92AB300715A5D /* FlowsTests.swift */,
			);
			path = Flows;
			sourceTree = "<group>";
		};
		14D55FF62753AB7100546587 /* Network */ = {
			isa = PBXGroup;
			children = (
				14D55FF82753ABF300546587 /* Model */,
				14D55FF72753ABDE00546587 /* Logic */,
			);
			path = Network;
			sourceTree = "<group>";
		};
		14D55FF72753ABDE00546587 /* Logic */ = {
			isa = PBXGroup;
			children = (
				141A520527F0A13F00E7B9B2 /* Services */,
				A77AA962252E7993004D12E8 /* NetworkService.swift */,
				1425230326FFBD7C00B177B7 /* RequestHandler.swift */,
				14DF1E45272D8F6A00B4556E /* HtmlParser.swift */,
			);
			path = Logic;
			sourceTree = "<group>";
		};
		14D55FF82753ABF300546587 /* Model */ = {
			isa = PBXGroup;
			children = (
				141A520327F08F9E00E7B9B2 /* BodyProtocols.swift */,
				146E348227D5339000534B6F /* Bodies.swift */,
				A77B9311253B035F0011282E /* Responses.swift */,
				1419D0C727752F6500D95B7F /* Models.swift */,
				14D55FF92753AC0C00546587 /* RequestPath.swift */,
				14D55FFB2753AC1700546587 /* RequestKey.swift */,
				14EE77852790C4B4005D89D3 /* ShowroomsUrl.swift */,
				140BA59927A6CD73002A7423 /* CheckUserContext.swift */,
				A74D2898253680FB00A1C856 /* UrlBuilder.swift */,
			);
			path = Model;
			sourceTree = "<group>";
		};
		14D55FFD2753B0B300546587 /* TextField */ = {
			isa = PBXGroup;
			children = (
				1433C7C7269F304C00BCB70B /* InputTextField.swift */,
				A78A4EF72548EA600026B76B /* NoPasteTextField.swift */,
				149092612696502100390D04 /* PhoneTextField.swift */,
			);
			path = TextField;
			sourceTree = "<group>";
		};
		14E5A9CA26345B290057BEF3 /* StoryBoards */ = {
			isa = PBXGroup;
			children = (
				A75946962523E33400312EBE /* LaunchScreen.storyboard */,
				A77AA96825325917004D12E8 /* FirstLaunchRegistration.storyboard */,
				14A8D8972617C5C40086BC12 /* MyProfile.storyboard */,
			);
			path = StoryBoards;
			sourceTree = "<group>";
		};
		14E5A9CB26345B640057BEF3 /* CollectionCell */ = {
			isa = PBXGroup;
			children = (
				14EC744C27F8F98100AC6648 /* BaseCollectionCell.swift */,
				A7AABF7F25A9EACB00C72F65 /* ServiceTypeCell.swift */,
				A7A72DC72554A5C500A44984 /* CarCVC.swift */,
				14CF66A4267F6081000FCEAC /* ManagerCVC.swift */,
			);
			path = CollectionCell;
			sourceTree = "<group>";
		};
		14E5A9CC26345B720057BEF3 /* TableCell */ = {
			isa = PBXGroup;
			children = (
				1442F4D6280A25BC005636E0 /* BaseTableCell.swift */,
				1495723E25B9FEE40031A5AA /* NewsTableCell.swift */,
				1467F79925DD73BC00E318D3 /* BookingTVC.swift */,
				14B2A7E3275BECF3002A6ADF /* CityTVC.swift */,
			);
			path = TableCell;
			sourceTree = "<group>";
		};
		14F0920527E3EB7600B03130 /* ToyotaAppTests */ = {
			isa = PBXGroup;
			children = (
				1442F4C6280A0982005636E0 /* Resources */,
				14CB6AD727E92A9A00715A5D /* Flows */,
				147D4A2B27E614E400010E63 /* Modules */,
				147D4A2A27E614CA00010E63 /* Persistance */,
			);
			path = ToyotaAppTests;
			sourceTree = "<group>";
		};
		14F4A79928592BC900400B36 /* Support */ = {
			isa = PBXGroup;
			children = (
				14F4A79A2859300000400B36 /* ChatViewController.swift */,
			);
			path = Support;
			sourceTree = "<group>";
		};
		14F519932777E3AD00FF695D /* Button */ = {
			isa = PBXGroup;
			children = (
				14CFEF0A2714E22C0034046C /* CustomizableButton.swift */,
				14F519912777E39900FF695D /* TintedImageButton.swift */,
				144B8C6726D5A3D9006D7F29 /* KeyboardBindedButton.swift */,
			);
			path = Button;
			sourceTree = "<group>";
		};
		A7346F6B287CDBC1007A7668 /* Module */ = {
			isa = PBXGroup;
			children = (
				143CCB5A286261C900842050 /* PersonalInfoView.swift */,
				1419834127E285E4004573A1 /* PersonalInfoInteractor.swift */,
				1419834327E28663004573A1 /* PersonalInfoPresenter.swift */,
			);
			path = Module;
			sourceTree = "<group>";
		};
		A759467F2523E32F00312EBE = {
			isa = PBXGroup;
			children = (
				A759468A2523E32F00312EBE /* ToyotaApp */,
				14C6F5E826C305F500661FF1 /* Resources */,
				14F0920527E3EB7600B03130 /* ToyotaAppTests */,
				A75946892523E32F00312EBE /* Products */,
			);
			sourceTree = "<group>";
		};
		A75946892523E32F00312EBE /* Products */ = {
			isa = PBXGroup;
			children = (
				A75946882523E32F00312EBE /* ToyotaApp.app */,
				14F0920427E3EB7500B03130 /* ToyotaAppTests.xctest */,
			);
			name = Products;
			sourceTree = "<group>";
		};
		A759468A2523E32F00312EBE /* ToyotaApp */ = {
			isa = PBXGroup;
			children = (
				A777750E259BF72A006D30EA /* Constants */,
				A75946A22523ECD400312EBE /* Model */,
				14D55FF62753AB7100546587 /* Network */,
				A7777519259BFA00006D30EA /* Controllers */,
				140BA59127A6C261002A7423 /* Navigation */,
				14E5A9CA26345B290057BEF3 /* StoryBoards */,
				A791FDE225266F2700A595BB /* Views */,
				A759468B2523E32F00312EBE /* AppDelegate.swift */,
				A759468D2523E32F00312EBE /* SceneDelegate.swift */,
			);
			path = ToyotaApp;
			sourceTree = "<group>";
		};
		A759469F2523E7D200312EBE /* Authentification */ = {
			isa = PBXGroup;
			children = (
				A75946A02523E80400312EBE /* AuthViewController.swift */,
				14550601283195890035F47D /* AuthInteractor.swift */,
				A77AA965252E7F21004D12E8 /* SmsCodeViewController.swift */,
				142B292728382B58007DC48D /* SmsCodeInteractor.swift */,
			);
			path = Authentification;
			sourceTree = "<group>";
		};
		A75946A22523ECD400312EBE /* Model */ = {
			isa = PBXGroup;
			children = (
				1425230226FFBCC500B177B7 /* Persistance */,
				A7A085F4255C7BC600807225 /* UserInfo.swift */,
				1443FDAD260BEEEE007CEBB1 /* Notificator.swift */,
				143CF0A8266CEDF600811FA3 /* ServiceModuleBuilder.swift */,
				14A8D8942617C25F0086BC12 /* Mocks.swift */,
				141875CB279DE1D900FFEA99 /* BookingStatus.swift */,
				14920D6127A5DAB400B28D51 /* DateFormatting.swift */,
			);
			path = Model;
			sourceTree = "<group>";
		};
		A777750E259BF72A006D30EA /* Constants */ = {
			isa = PBXGroup;
			children = (
				A791FDE925267A1A00A595BB /* ViewUtils.swift */,
				14E5A9CE26345D7C0057BEF3 /* Errors.swift */,
				1425230526FFBF8F00B177B7 /* Strings.swift */,
				147E789327FFA8190017ACA7 /* UIImage+Constants.swift */,
			);
			path = Constants;
			sourceTree = "<group>";
		};
		A7777519259BFA00006D30EA /* Controllers */ = {
			isa = PBXGroup;
			children = (
				1466B49F27FB91930026677B /* InitialazableViewController.swift */,
				A727F4102588263C00B8CB79 /* ControllersProtocols.swift */,
				A7777513259BF8DE006D30EA /* ControllersExtensions.swift */,
				1449CDD925C590CF00BBDAAE /* FoundationExtensions.swift */,
				A759469F2523E7D200312EBE /* Authentification */,
				A7D1205D253E6A7F005F85B0 /* Registration */,
				A791FDD82524E17300A595BB /* MainMenu */,
				14117EA8284EA7E9001585CD /* Utility */,
			);
			path = Controllers;
			sourceTree = "<group>";
		};
		A791FDD82524E17300A595BB /* MainMenu */ = {
			isa = PBXGroup;
			children = (
				A791FDDB2524E19B00A595BB /* News */,
				A791FDDA2524E19300A595BB /* Service */,
				A791FDD92524E18800A595BB /* MyProfile */,
			);
			path = MainMenu;
			sourceTree = "<group>";
		};
		A791FDD92524E18800A595BB /* MyProfile */ = {
			isa = PBXGroup;
			children = (
				A791FDDC2524E1B900A595BB /* MyProfileViewController.swift */,
				A775BB4D258E48ED00B8CA8A /* MyCarsViewController.swift */,
				14C50A0625F3CCFE00608056 /* SettingsViewController.swift */,
				14C7E66826625AB0000B24B6 /* MyManagerViewController.swift */,
				1467F79625DD726500E318D3 /* BookingsViewController.swift */,
			);
			path = MyProfile;
			sourceTree = "<group>";
		};
		A791FDDA2524E19300A595BB /* Service */ = {
			isa = PBXGroup;
			children = (
				A791FDDE2524E1D700A595BB /* ServicesViewController.swift */,
				14E7B1E5276F676B00C8D26B /* ServicesInteractor.swift */,
				149FA73C26889B00002B0658 /* ServiceProtocols.swift */,
				14C7E66426501770000B24B6 /* BaseServiceViewController.swift */,
				14F4A79928592BC900400B36 /* Support */,
				1419C7362683E0D7001F7EF3 /* Custom */,
				146590F926EAB5CD0056E37D /* Modules */,
			);
			path = Service;
			sourceTree = "<group>";
		};
		A791FDDB2524E19B00A595BB /* News */ = {
			isa = PBXGroup;
			children = (
				A791FDE02524E1E400A595BB /* NewsViewController.swift */,
			);
			path = News;
			sourceTree = "<group>";
		};
		A791FDE225266F2700A595BB /* Views */ = {
			isa = PBXGroup;
			children = (
				143CF0A4266BDB2A00811FA3 /* UIProtocols.swift */,
				1467F78825D339DF00E318D3 /* UIExtensions.swift */,
				14188032278B3498000B82DD /* UIView+Extensions.swift */,
				14C64D282793804C0023C850 /* Validatable.swift */,
				A7A1AB0D255D9F75008182A2 /* PopUp.swift */,
				A791FDE8252672FA00A595BB /* Controls */,
			);
			path = Views;
			sourceTree = "<group>";
		};
		A791FDE8252672FA00A595BB /* Controls */ = {
			isa = PBXGroup;
			children = (
				14F519932777E3AD00FF695D /* Button */,
				14D55FFD2753B0B300546587 /* TextField */,
				14E5A9CB26345B640057BEF3 /* CollectionCell */,
				14E5A9CC26345B720057BEF3 /* TableCell */,
				141BACD62725AEF400704589 /* CustomizableStackView.swift */,
				14AB8D602714C81A004D225F /* LoadingView.swift */,
			);
			path = Controls;
			sourceTree = "<group>";
		};
		A7924CF1254B70B4001B67C1 /* Fonts */ = {
			isa = PBXGroup;
			children = (
				A7924CFA254B70E8001B67C1 /* ToyotaType-Black.ttf */,
				A7924CF6254B70E7001B67C1 /* ToyotaType-BlackIt.ttf */,
				A7924CF9254B70E8001B67C1 /* ToyotaType-Bold.ttf */,
				A7924D01254B70E8001B67C1 /* ToyotaType-BoldIt.ttf */,
				A7924CF8254B70E8001B67C1 /* ToyotaType-Book.ttf */,
				A7924CF7254B70E8001B67C1 /* ToyotaType-BookIt.ttf */,
				A7924CFB254B70E8001B67C1 /* ToyotaType-Light.ttf */,
				A7924CFE254B70E8001B67C1 /* ToyotaType-LightIt.ttf */,
				A7924CFC254B70E8001B67C1 /* ToyotaType-Regular.ttf */,
				A7924CFD254B70E8001B67C1 /* ToyotaType-RegularIt.ttf */,
				A7924CFF254B70E8001B67C1 /* ToyotaType-Semibold.ttf */,
				A7924D00254B70E8001B67C1 /* ToyotaType-SemiboldIt.ttf */,
			);
			path = Fonts;
			sourceTree = "<group>";
		};
		A7D1205D253E6A7F005F85B0 /* Registration */ = {
			isa = PBXGroup;
			children = (
				1419834027E28572004573A1 /* PersonalInfoModule */,
				14A4DA3E27581989009D66EA /* CityPickerViewController.swift */,
				14B2A7E7275C0996002A6ADF /* CityPickerInteractor.swift */,
				A75FB5D525589B8D001CA3D1 /* EndRegistrationViewController.swift */,
				14F2B43E2762BC88006CD697 /* AddCarViewController.swift */,
				14DFB9242763F5BA00465736 /* AddCarInteractor.swift */,
			);
			path = Registration;
			sourceTree = "<group>";
		};
/* End PBXGroup section */

/* Begin PBXNativeTarget section */
		14F0920327E3EB7500B03130 /* ToyotaAppTests */ = {
			isa = PBXNativeTarget;
			buildConfigurationList = 14F0920A27E3EB7600B03130 /* Build configuration list for PBXNativeTarget "ToyotaAppTests" */;
			buildPhases = (
				14F0920027E3EB7500B03130 /* Sources */,
				14F0920127E3EB7500B03130 /* Frameworks */,
				14F0920227E3EB7500B03130 /* Resources */,
			);
			buildRules = (
			);
			dependencies = (
				14F0920927E3EB7600B03130 /* PBXTargetDependency */,
			);
			name = ToyotaAppTests;
			productName = ToyotaAppTests;
			productReference = 14F0920427E3EB7500B03130 /* ToyotaAppTests.xctest */;
			productType = "com.apple.product-type.bundle.unit-test";
		};
		A75946872523E32F00312EBE /* ToyotaApp */ = {
			isa = PBXNativeTarget;
			buildConfigurationList = A759469C2523E33400312EBE /* Build configuration list for PBXNativeTarget "ToyotaApp" */;
			buildPhases = (
				A75946842523E32F00312EBE /* Sources */,
				A75946852523E32F00312EBE /* Frameworks */,
				A75946862523E32F00312EBE /* Resources */,
			);
			buildRules = (
			);
			dependencies = (
			);
			name = ToyotaApp;
			packageProductDependencies = (
				A7A085FC255C869C00807225 /* SwiftEntryKit */,
				1494038C26B0796F0088C7E4 /* SwiftKeychainWrapper */,
				14DF1E43272D8F3C00B4556E /* SwiftSoup */,
				14D55FFF2753D1FA00546587 /* Nuke */,
				147BEB9527F66B1B005B3B6D /* TinyConstraints */,
			);
			productName = ToyotaApp;
			productReference = A75946882523E32F00312EBE /* ToyotaApp.app */;
			productType = "com.apple.product-type.application";
		};
/* End PBXNativeTarget section */

/* Begin PBXProject section */
		A75946802523E32F00312EBE /* Project object */ = {
			isa = PBXProject;
			attributes = {
				LastSwiftUpdateCheck = 1320;
				LastUpgradeCheck = 1200;
				ORGANIZATIONNAME = "Алексей Гурин";
				TargetAttributes = {
					14F0920327E3EB7500B03130 = {
						CreatedOnToolsVersion = 13.2.1;
						TestTargetID = A75946872523E32F00312EBE;
					};
					A75946872523E32F00312EBE = {
						CreatedOnToolsVersion = 11.7;
					};
					A7B59DA8287A3C6000E707C8 = {
						CreatedOnToolsVersion = 13.4.1;
					};
				};
			};
			buildConfigurationList = A75946832523E32F00312EBE /* Build configuration list for PBXProject "ToyotaApp" */;
			compatibilityVersion = "Xcode 11.0";
			developmentRegion = en;
			hasScannedForEncodings = 0;
			knownRegions = (
				en,
				Base,
			);
			mainGroup = A759467F2523E32F00312EBE;
			packageReferences = (
				A7A085FB255C869C00807225 /* XCRemoteSwiftPackageReference "SwiftEntryKit" */,
				1494038B26B0796F0088C7E4 /* XCRemoteSwiftPackageReference "SwiftKeychainWrapper" */,
				14DF1E42272D8F3C00B4556E /* XCRemoteSwiftPackageReference "SwiftSoup" */,
				14D55FFE2753D1FA00546587 /* XCRemoteSwiftPackageReference "Nuke" */,
				147BEB9427F66B1B005B3B6D /* XCRemoteSwiftPackageReference "TinyConstraints" */,
			);
			productRefGroup = A75946892523E32F00312EBE /* Products */;
			projectDirPath = "";
			projectRoot = "";
			targets = (
				A75946872523E32F00312EBE /* ToyotaApp */,
				14F0920327E3EB7500B03130 /* ToyotaAppTests */,
				A7B59DA8287A3C6000E707C8 /* CodeLint */,
			);
		};
/* End PBXProject section */

/* Begin PBXResourcesBuildPhase section */
		14F0920227E3EB7500B03130 /* Resources */ = {
			isa = PBXResourcesBuildPhase;
			buildActionMask = 2147483647;
			files = (
			);
			runOnlyForDeploymentPostprocessing = 0;
		};
		A75946862523E32F00312EBE /* Resources */ = {
			isa = PBXResourcesBuildPhase;
			buildActionMask = 2147483647;
			files = (
				146CED0326B9EE8D00427A1F /* .swiftlint.yml in Resources */,
				A7924D1C254B743F001B67C1 /* ToyotaType-SemiboldIt.ttf in Resources */,
				A7924D18254B743F001B67C1 /* ToyotaType-Book.ttf in Resources */,
				A7924D1D254B743F001B67C1 /* ToyotaType-BlackIt.ttf in Resources */,
				A7924D14254B743F001B67C1 /* ToyotaType-RegularIt.ttf in Resources */,
				A7924D13254B743F001B67C1 /* ToyotaType-Light.ttf in Resources */,
				A7924D17254B743F001B67C1 /* ToyotaType-Bold.ttf in Resources */,
				A7924D1B254B743F001B67C1 /* ToyotaType-Black.ttf in Resources */,
				A7924D15254B743F001B67C1 /* ToyotaType-BoldIt.ttf in Resources */,
				A7924D1A254B743F001B67C1 /* ToyotaType-LightIt.ttf in Resources */,
				A7924D19254B743F001B67C1 /* ToyotaType-BookIt.ttf in Resources */,
				A7924D1E254B743F001B67C1 /* ToyotaType-Semibold.ttf in Resources */,
				A7924D16254B743F001B67C1 /* ToyotaType-Regular.ttf in Resources */,
				A75946952523E33400312EBE /* Assets.xcassets in Resources */,
				A75946982523E33400312EBE /* LaunchScreen.storyboard in Resources */,
				14A8D8982617C5C40086BC12 /* MyProfile.storyboard in Resources */,
				A77AA96925325917004D12E8 /* FirstLaunchRegistration.storyboard in Resources */,
			);
			runOnlyForDeploymentPostprocessing = 0;
		};
/* End PBXResourcesBuildPhase section */

/* Begin PBXShellScriptBuildPhase section */
		A7B59DAC287A3D0200E707C8 /* ShellScript */ = {
			isa = PBXShellScriptBuildPhase;
			buildActionMask = 2147483647;
			files = (
			);
			inputFileListPaths = (
			);
			inputPaths = (
			);
			outputFileListPaths = (
			);
			outputPaths = (
			);
			runOnlyForDeploymentPostprocessing = 0;
			shellPath = /bin/sh;
			shellScript = "if which swiftlint >/dev/null; then\n  swiftlint --config Resources/.swiftlint.yml\nelse\n  echo \"warning: SwiftLint not installed, download from https://github.com/realm/SwiftLint\"\n  exit 1\nfi\n";
		};
/* End PBXShellScriptBuildPhase section */

/* Begin PBXSourcesBuildPhase section */
		14F0920027E3EB7500B03130 /* Sources */ = {
			isa = PBXSourcesBuildPhase;
			buildActionMask = 2147483647;
			files = (
				1442F4D5280A1A05005636E0 /* ResourcesTests.swift in Sources */,
				147D4A3127E63D1300010E63 /* DefaultsManagerTests.swift in Sources */,
				147D4A2D27E6152100010E63 /* PersonalInfoModuleTests.swift in Sources */,
				147D4A2F27E6170600010E63 /* DefaultsBackedTests.swift in Sources */,
				14CB6AD627E91C4200715A5D /* KeychainManagerTests.swift in Sources */,
				14CB6AD927E92AB300715A5D /* FlowsTests.swift in Sources */,
			);
			runOnlyForDeploymentPostprocessing = 0;
		};
		A75946842523E32F00312EBE /* Sources */ = {
			isa = PBXSourcesBuildPhase;
			buildActionMask = 2147483647;
			files = (
				1419C7382683E102001F7EF3 /* TestDriveViewController.swift in Sources */,
				A791FDDD2524E1B900A595BB /* MyProfileViewController.swift in Sources */,
				14920D6227A5DAB400B28D51 /* DateFormatting.swift in Sources */,
				14DFB9252763F5BA00465736 /* AddCarInteractor.swift in Sources */,
				143CF0A9266CEDF600811FA3 /* ServiceModuleBuilder.swift in Sources */,
				141A64A7270651AB00EEFC6E /* TimePickerModuleView.swift in Sources */,
				14C7E65E26433B2A000B24B6 /* ConnectionLostViewController.swift in Sources */,
				1467F78925D339DF00E318D3 /* UIExtensions.swift in Sources */,
				14C64D292793804C0023C850 /* Validatable.swift in Sources */,
				A775BB4E258E48ED00B8CA8A /* MyCarsViewController.swift in Sources */,
				1425230426FFBD7C00B177B7 /* RequestHandler.swift in Sources */,
				14AB8D612714C81A004D225F /* LoadingView.swift in Sources */,
				A7A085F5255C7BC600807225 /* UserInfo.swift in Sources */,
				A75946A12523E80400312EBE /* AuthViewController.swift in Sources */,
				1425230626FFBF8F00B177B7 /* Strings.swift in Sources */,
				14C7E66926625AB0000B24B6 /* MyManagerViewController.swift in Sources */,
				14B2A7E8275C0996002A6ADF /* CityPickerInteractor.swift in Sources */,
				14D55FFC2753AC1700546587 /* RequestKey.swift in Sources */,
				1495723F25B9FEE40031A5AA /* NewsTableCell.swift in Sources */,
				A77B9312253B035F0011282E /* Responses.swift in Sources */,
				1466B4A027FB91930026677B /* InitialazableViewController.swift in Sources */,
				A7AABF8025A9EACB00C72F65 /* ServiceTypeCell.swift in Sources */,
				A759468C2523E32F00312EBE /* AppDelegate.swift in Sources */,
				A7F8BFE425695E76002AC621 /* NavigationService.swift in Sources */,
				14E5A9CF26345D7C0057BEF3 /* Errors.swift in Sources */,
				14EE77862790C4B4005D89D3 /* ShowroomsUrl.swift in Sources */,
				14CF66A5267F6081000FCEAC /* ManagerCVC.swift in Sources */,
				140BA59627A6C310002A7423 /* AuthFlow.swift in Sources */,
				14E7B1E6276F676B00C8D26B /* ServicesInteractor.swift in Sources */,
				144B8C6826D5A3D9006D7F29 /* KeyboardBindedButton.swift in Sources */,
				A791FDEA25267A1A00A595BB /* ViewUtils.swift in Sources */,
				14F2B43F2762BC88006CD697 /* AddCarViewController.swift in Sources */,
				14188033278B3499000B82DD /* UIView+Extensions.swift in Sources */,
				14A4DA3F27581989009D66EA /* CityPickerViewController.swift in Sources */,
				14DF1E46272D8F6A00B4556E /* HtmlParser.swift in Sources */,
				1467F79A25DD73BC00E318D3 /* BookingTVC.swift in Sources */,
				141A520427F08F9E00E7B9B2 /* BodyProtocols.swift in Sources */,
				1443FDB1260BFAB6007CEBB1 /* KeychainableModels.swift in Sources */,
				A7A72DC82554A5C500A44984 /* CarCVC.swift in Sources */,
				141A520727F0A18700E7B9B2 /* InfoService.swift in Sources */,
				1467F79725DD726500E318D3 /* BookingsViewController.swift in Sources */,
				1419834227E285E4004573A1 /* PersonalInfoInteractor.swift in Sources */,
				1419834427E28663004573A1 /* PersonalInfoPresenter.swift in Sources */,
				1449CDDA25C590CF00BBDAAE /* FoundationExtensions.swift in Sources */,
				149CC28726765AB700B5172A /* TimePickerModule.swift in Sources */,
				14C50A0725F3CCFE00608056 /* SettingsViewController.swift in Sources */,
				14550602283195890035F47D /* AuthInteractor.swift in Sources */,
				14D55FFA2753AC0C00546587 /* RequestPath.swift in Sources */,
				A791FDE12524E1E400A595BB /* NewsViewController.swift in Sources */,
				147E789627FFACB80017ACA7 /* MainTabBarController.swift in Sources */,
				14EC744D27F8F98100AC6648 /* BaseCollectionCell.swift in Sources */,
				A75FB5D625589B8D001CA3D1 /* EndRegistrationViewController.swift in Sources */,
				140BA59427A6C2A1002A7423 /* RegisterFlow.swift in Sources */,
				1494038F26B0929F0088C7E4 /* KeychainManager.swift in Sources */,
				143CCB5B286261C900842050 /* PersonalInfoView.swift in Sources */,
				146E348327D5339000534B6F /* Bodies.swift in Sources */,
				149092622696502100390D04 /* PhoneTextField.swift in Sources */,
				A7A1AB0E255D9F75008182A2 /* PopUp.swift in Sources */,
				14F4A79B2859300000400B36 /* ChatViewController.swift in Sources */,
				1443FDAE260BEEEE007CEBB1 /* Notificator.swift in Sources */,
				A78A4EF82548EA600026B76B /* NoPasteTextField.swift in Sources */,
				14A8D8952617C25F0086BC12 /* Mocks.swift in Sources */,
				1442F4D7280A25BC005636E0 /* BaseTableCell.swift in Sources */,
				14F519922777E39900FF695D /* TintedImageButton.swift in Sources */,
				149FA73D26889B00002B0658 /* ServiceProtocols.swift in Sources */,
				14C7E66626501770000B24B6 /* BaseServiceViewController.swift in Sources */,
				14B2A7E4275BECF3002A6ADF /* CityTVC.swift in Sources */,
				A727F4112588263C00B8CB79 /* ControllersProtocols.swift in Sources */,
				A791FDDF2524E1D700A595BB /* ServicesViewController.swift in Sources */,
				140BA59A27A6CD73002A7423 /* CheckUserContext.swift in Sources */,
				142B292828382B58007DC48D /* SmsCodeInteractor.swift in Sources */,
				141A64A52706519E00EEFC6E /* PickerModuleView.swift in Sources */,
				143CF0A5266BDB2A00811FA3 /* UIProtocols.swift in Sources */,
				A7346F6A287CDBAD007A7668 /* PersonalInfoProtocols.swift in Sources */,
				14025194267AAB89006CF4E2 /* MapModule.swift in Sources */,
				A77AA966252E7F21004D12E8 /* SmsCodeViewController.swift in Sources */,
				143CF0A7266CEA4100811FA3 /* PickerModule.swift in Sources */,
				141A64A9270651BB00EEFC6E /* MapModuleView.swift in Sources */,
				A727F40E2587E8EB00B8CB79 /* UserDefaultsManager.swift in Sources */,
				14F091FD27E3D6E000B03130 /* PersonalInfoModels.swift in Sources */,
				14117EAA284EA86B001585CD /* SplashScreenViewController.swift in Sources */,
				1419D0C827752F6500D95B7F /* Models.swift in Sources */,
				A77AA963252E7993004D12E8 /* NetworkService.swift in Sources */,
				14CFEF0B2714E22C0034046C /* CustomizableButton.swift in Sources */,
				A74D2899253680FB00A1C856 /* UrlBuilder.swift in Sources */,
				A759468E2523E32F00312EBE /* SceneDelegate.swift in Sources */,
				141875CC279DE1D900FFEA99 /* BookingStatus.swift in Sources */,
				147E789827FFB2090017ACA7 /* UtilsFlow.swift in Sources */,
				147E789427FFA8190017ACA7 /* UIImage+Constants.swift in Sources */,
				A7777514259BF8DE006D30EA /* ControllersExtensions.swift in Sources */,
				141BACD72725AEF400704589 /* CustomizableStackView.swift in Sources */,
				1471C958284942B2000624FC /* AgreementViewController.swift in Sources */,
				1433C7C8269F304C00BCB70B /* InputTextField.swift in Sources */,
				140BA59827A6CB67002A7423 /* MainMenuFlow.swift in Sources */,
			);
			runOnlyForDeploymentPostprocessing = 0;
		};
/* End PBXSourcesBuildPhase section */

/* Begin PBXTargetDependency section */
		14F0920927E3EB7600B03130 /* PBXTargetDependency */ = {
			isa = PBXTargetDependency;
			target = A75946872523E32F00312EBE /* ToyotaApp */;
			targetProxy = 14F0920827E3EB7600B03130 /* PBXContainerItemProxy */;
		};
/* End PBXTargetDependency section */

/* Begin PBXVariantGroup section */
		A75946962523E33400312EBE /* LaunchScreen.storyboard */ = {
			isa = PBXVariantGroup;
			children = (
				A75946972523E33400312EBE /* Base */,
			);
			name = LaunchScreen.storyboard;
			sourceTree = "<group>";
		};
/* End PBXVariantGroup section */

/* Begin XCBuildConfiguration section */
		14F0920B27E3EB7600B03130 /* Debug */ = {
			isa = XCBuildConfiguration;
			buildSettings = {
				BUNDLE_LOADER = "$(TEST_HOST)";
				CLANG_CXX_LANGUAGE_STANDARD = "gnu++17";
				CODE_SIGN_STYLE = Automatic;
				CURRENT_PROJECT_VERSION = 1;
				DEVELOPMENT_TEAM = 4H22C8Q524;
				GENERATE_INFOPLIST_FILE = YES;
				IPHONEOS_DEPLOYMENT_TARGET = 15.2;
				MARKETING_VERSION = 1.0;
				PRODUCT_BUNDLE_IDENTIFIER = elysium.ToyotaAppTests;
				PRODUCT_NAME = "$(TARGET_NAME)";
				SWIFT_EMIT_LOC_STRINGS = NO;
				SWIFT_VERSION = 5.0;
				TARGETED_DEVICE_FAMILY = "1,2";
				TEST_HOST = "$(BUILT_PRODUCTS_DIR)/ToyotaApp.app/ToyotaApp";
			};
			name = Debug;
		};
		14F0920C27E3EB7600B03130 /* Release */ = {
			isa = XCBuildConfiguration;
			buildSettings = {
				BUNDLE_LOADER = "$(TEST_HOST)";
				CLANG_CXX_LANGUAGE_STANDARD = "gnu++17";
				CODE_SIGN_STYLE = Automatic;
				CURRENT_PROJECT_VERSION = 1;
				DEVELOPMENT_TEAM = 4H22C8Q524;
				GENERATE_INFOPLIST_FILE = YES;
				IPHONEOS_DEPLOYMENT_TARGET = 15.2;
				MARKETING_VERSION = 1.0;
				PRODUCT_BUNDLE_IDENTIFIER = elysium.ToyotaAppTests;
				PRODUCT_NAME = "$(TARGET_NAME)";
				SWIFT_EMIT_LOC_STRINGS = NO;
				SWIFT_VERSION = 5.0;
				TARGETED_DEVICE_FAMILY = "1,2";
				TEST_HOST = "$(BUILT_PRODUCTS_DIR)/ToyotaApp.app/ToyotaApp";
			};
			name = Release;
		};
		A759469A2523E33400312EBE /* Debug */ = {
			isa = XCBuildConfiguration;
			buildSettings = {
				ALWAYS_SEARCH_USER_PATHS = NO;
				CLANG_ANALYZER_NONNULL = YES;
				CLANG_ANALYZER_NUMBER_OBJECT_CONVERSION = YES_AGGRESSIVE;
				CLANG_CXX_LANGUAGE_STANDARD = "gnu++14";
				CLANG_CXX_LIBRARY = "libc++";
				CLANG_ENABLE_MODULES = YES;
				CLANG_ENABLE_OBJC_ARC = YES;
				CLANG_ENABLE_OBJC_WEAK = YES;
				CLANG_WARN_BLOCK_CAPTURE_AUTORELEASING = YES;
				CLANG_WARN_BOOL_CONVERSION = YES;
				CLANG_WARN_COMMA = YES;
				CLANG_WARN_CONSTANT_CONVERSION = YES;
				CLANG_WARN_DEPRECATED_OBJC_IMPLEMENTATIONS = YES;
				CLANG_WARN_DIRECT_OBJC_ISA_USAGE = YES_ERROR;
				CLANG_WARN_DOCUMENTATION_COMMENTS = YES;
				CLANG_WARN_EMPTY_BODY = YES;
				CLANG_WARN_ENUM_CONVERSION = YES;
				CLANG_WARN_INFINITE_RECURSION = YES;
				CLANG_WARN_INT_CONVERSION = YES;
				CLANG_WARN_NON_LITERAL_NULL_CONVERSION = YES;
				CLANG_WARN_OBJC_IMPLICIT_RETAIN_SELF = YES;
				CLANG_WARN_OBJC_LITERAL_CONVERSION = YES;
				CLANG_WARN_OBJC_ROOT_CLASS = YES_ERROR;
				CLANG_WARN_QUOTED_INCLUDE_IN_FRAMEWORK_HEADER = YES;
				CLANG_WARN_RANGE_LOOP_ANALYSIS = YES;
				CLANG_WARN_STRICT_PROTOTYPES = YES;
				CLANG_WARN_SUSPICIOUS_MOVE = YES;
				CLANG_WARN_UNGUARDED_AVAILABILITY = YES_AGGRESSIVE;
				CLANG_WARN_UNREACHABLE_CODE = YES;
				CLANG_WARN__DUPLICATE_METHOD_MATCH = YES;
				COPY_PHASE_STRIP = NO;
				DEBUG_INFORMATION_FORMAT = dwarf;
				ENABLE_STRICT_OBJC_MSGSEND = YES;
				ENABLE_TESTABILITY = YES;
				GCC_C_LANGUAGE_STANDARD = gnu11;
				GCC_DYNAMIC_NO_PIC = NO;
				GCC_NO_COMMON_BLOCKS = YES;
				GCC_OPTIMIZATION_LEVEL = 0;
				GCC_PREPROCESSOR_DEFINITIONS = (
					"DEBUG=1",
					"$(inherited)",
				);
				GCC_WARN_64_TO_32_BIT_CONVERSION = YES;
				GCC_WARN_ABOUT_RETURN_TYPE = YES_ERROR;
				GCC_WARN_UNDECLARED_SELECTOR = YES;
				GCC_WARN_UNINITIALIZED_AUTOS = YES_AGGRESSIVE;
				GCC_WARN_UNUSED_FUNCTION = YES;
				GCC_WARN_UNUSED_VARIABLE = YES;
				IPHONEOS_DEPLOYMENT_TARGET = 14.0;
				MTL_ENABLE_DEBUG_INFO = INCLUDE_SOURCE;
				MTL_FAST_MATH = YES;
				ONLY_ACTIVE_ARCH = YES;
				SDKROOT = iphoneos;
				SWIFT_ACTIVE_COMPILATION_CONDITIONS = DEBUG;
				SWIFT_OPTIMIZATION_LEVEL = "-Onone";
			};
			name = Debug;
		};
		A759469B2523E33400312EBE /* Release */ = {
			isa = XCBuildConfiguration;
			buildSettings = {
				ALWAYS_SEARCH_USER_PATHS = NO;
				CLANG_ANALYZER_NONNULL = YES;
				CLANG_ANALYZER_NUMBER_OBJECT_CONVERSION = YES_AGGRESSIVE;
				CLANG_CXX_LANGUAGE_STANDARD = "gnu++14";
				CLANG_CXX_LIBRARY = "libc++";
				CLANG_ENABLE_MODULES = YES;
				CLANG_ENABLE_OBJC_ARC = YES;
				CLANG_ENABLE_OBJC_WEAK = YES;
				CLANG_WARN_BLOCK_CAPTURE_AUTORELEASING = YES;
				CLANG_WARN_BOOL_CONVERSION = YES;
				CLANG_WARN_COMMA = YES;
				CLANG_WARN_CONSTANT_CONVERSION = YES;
				CLANG_WARN_DEPRECATED_OBJC_IMPLEMENTATIONS = YES;
				CLANG_WARN_DIRECT_OBJC_ISA_USAGE = YES_ERROR;
				CLANG_WARN_DOCUMENTATION_COMMENTS = YES;
				CLANG_WARN_EMPTY_BODY = YES;
				CLANG_WARN_ENUM_CONVERSION = YES;
				CLANG_WARN_INFINITE_RECURSION = YES;
				CLANG_WARN_INT_CONVERSION = YES;
				CLANG_WARN_NON_LITERAL_NULL_CONVERSION = YES;
				CLANG_WARN_OBJC_IMPLICIT_RETAIN_SELF = YES;
				CLANG_WARN_OBJC_LITERAL_CONVERSION = YES;
				CLANG_WARN_OBJC_ROOT_CLASS = YES_ERROR;
				CLANG_WARN_QUOTED_INCLUDE_IN_FRAMEWORK_HEADER = YES;
				CLANG_WARN_RANGE_LOOP_ANALYSIS = YES;
				CLANG_WARN_STRICT_PROTOTYPES = YES;
				CLANG_WARN_SUSPICIOUS_MOVE = YES;
				CLANG_WARN_UNGUARDED_AVAILABILITY = YES_AGGRESSIVE;
				CLANG_WARN_UNREACHABLE_CODE = YES;
				CLANG_WARN__DUPLICATE_METHOD_MATCH = YES;
				COPY_PHASE_STRIP = NO;
				DEBUG_INFORMATION_FORMAT = "dwarf-with-dsym";
				ENABLE_NS_ASSERTIONS = NO;
				ENABLE_STRICT_OBJC_MSGSEND = YES;
				GCC_C_LANGUAGE_STANDARD = gnu11;
				GCC_NO_COMMON_BLOCKS = YES;
				GCC_WARN_64_TO_32_BIT_CONVERSION = YES;
				GCC_WARN_ABOUT_RETURN_TYPE = YES_ERROR;
				GCC_WARN_UNDECLARED_SELECTOR = YES;
				GCC_WARN_UNINITIALIZED_AUTOS = YES_AGGRESSIVE;
				GCC_WARN_UNUSED_FUNCTION = YES;
				GCC_WARN_UNUSED_VARIABLE = YES;
				IPHONEOS_DEPLOYMENT_TARGET = 14.0;
				MTL_ENABLE_DEBUG_INFO = NO;
				MTL_FAST_MATH = YES;
				SDKROOT = iphoneos;
				SWIFT_COMPILATION_MODE = wholemodule;
				SWIFT_OPTIMIZATION_LEVEL = "-O";
				VALIDATE_PRODUCT = YES;
			};
			name = Release;
		};
		A759469D2523E33400312EBE /* Debug */ = {
			isa = XCBuildConfiguration;
			buildSettings = {
				ASSETCATALOG_COMPILER_APPICON_NAME = AppIcon;
				CODE_SIGN_IDENTITY = "Apple Development";
				CODE_SIGN_STYLE = Automatic;
				CURRENT_PROJECT_VERSION = 3;
				DEVELOPMENT_TEAM = 4H22C8Q524;
				INFOPLIST_FILE = Resources/Info.plist;
				LD_RUNPATH_SEARCH_PATHS = (
					"$(inherited)",
					"@executable_path/Frameworks",
				);
				MARKETING_VERSION = 1.2.0;
				PRODUCT_BUNDLE_IDENTIFIER = com.AlyansPro.ToyotaMobileServices;
				PRODUCT_NAME = "$(TARGET_NAME)";
				PROVISIONING_PROFILE_SPECIFIER = "";
				SWIFT_VERSION = 5.0;
				TARGETED_DEVICE_FAMILY = 1;
			};
			name = Debug;
		};
		A759469E2523E33400312EBE /* Release */ = {
			isa = XCBuildConfiguration;
			buildSettings = {
				ASSETCATALOG_COMPILER_APPICON_NAME = AppIcon;
				CODE_SIGN_IDENTITY = "iPhone Distribution";
				CODE_SIGN_STYLE = Manual;
				CURRENT_PROJECT_VERSION = 3;
				DEVELOPMENT_TEAM = 4H22C8Q524;
				INFOPLIST_FILE = Resources/Info.plist;
				LD_RUNPATH_SEARCH_PATHS = (
					"$(inherited)",
					"@executable_path/Frameworks",
				);
				MARKETING_VERSION = 1.2.0;
				PRODUCT_BUNDLE_IDENTIFIER = com.AlyansPro.ToyotaMobileServices;
				PRODUCT_NAME = "$(TARGET_NAME)";
				PROVISIONING_PROFILE_SPECIFIER = TestFlightToyotaMobileServicesStoreProfile;
				SWIFT_VERSION = 5.0;
				TARGETED_DEVICE_FAMILY = 1;
			};
			name = Release;
		};
		A7B59DAA287A3C6000E707C8 /* Debug */ = {
			isa = XCBuildConfiguration;
			buildSettings = {
				CODE_SIGN_STYLE = Automatic;
				DEVELOPMENT_TEAM = 4H22C8Q524;
				PRODUCT_NAME = "$(TARGET_NAME)";
			};
			name = Debug;
		};
		A7B59DAB287A3C6000E707C8 /* Release */ = {
			isa = XCBuildConfiguration;
			buildSettings = {
				CODE_SIGN_STYLE = Automatic;
				DEVELOPMENT_TEAM = 4H22C8Q524;
				PRODUCT_NAME = "$(TARGET_NAME)";
			};
			name = Release;
		};
/* End XCBuildConfiguration section */

/* Begin XCConfigurationList section */
		14F0920A27E3EB7600B03130 /* Build configuration list for PBXNativeTarget "ToyotaAppTests" */ = {
			isa = XCConfigurationList;
			buildConfigurations = (
				14F0920B27E3EB7600B03130 /* Debug */,
				14F0920C27E3EB7600B03130 /* Release */,
			);
			defaultConfigurationIsVisible = 0;
			defaultConfigurationName = Release;
		};
		A75946832523E32F00312EBE /* Build configuration list for PBXProject "ToyotaApp" */ = {
			isa = XCConfigurationList;
			buildConfigurations = (
				A759469A2523E33400312EBE /* Debug */,
				A759469B2523E33400312EBE /* Release */,
			);
			defaultConfigurationIsVisible = 0;
			defaultConfigurationName = Release;
		};
		A759469C2523E33400312EBE /* Build configuration list for PBXNativeTarget "ToyotaApp" */ = {
			isa = XCConfigurationList;
			buildConfigurations = (
				A759469D2523E33400312EBE /* Debug */,
				A759469E2523E33400312EBE /* Release */,
			);
			defaultConfigurationIsVisible = 0;
			defaultConfigurationName = Release;
		};
		A7B59DA9287A3C6000E707C8 /* Build configuration list for PBXAggregateTarget "CodeLint" */ = {
			isa = XCConfigurationList;
			buildConfigurations = (
				A7B59DAA287A3C6000E707C8 /* Debug */,
				A7B59DAB287A3C6000E707C8 /* Release */,
			);
			defaultConfigurationIsVisible = 0;
			defaultConfigurationName = Release;
		};
/* End XCConfigurationList section */

/* Begin XCRemoteSwiftPackageReference section */
		147BEB9427F66B1B005B3B6D /* XCRemoteSwiftPackageReference "TinyConstraints" */ = {
			isa = XCRemoteSwiftPackageReference;
			repositoryURL = "https://github.com/roberthein/TinyConstraints";
			requirement = {
				kind = upToNextMajorVersion;
				minimumVersion = 4.0.0;
			};
		};
		1494038B26B0796F0088C7E4 /* XCRemoteSwiftPackageReference "SwiftKeychainWrapper" */ = {
			isa = XCRemoteSwiftPackageReference;
			repositoryURL = "https://github.com/jrendel/SwiftKeychainWrapper";
			requirement = {
				kind = upToNextMajorVersion;
				minimumVersion = 4.0.1;
			};
		};
		14D55FFE2753D1FA00546587 /* XCRemoteSwiftPackageReference "Nuke" */ = {
			isa = XCRemoteSwiftPackageReference;
			repositoryURL = "https://github.com/kean/Nuke";
			requirement = {
				kind = upToNextMajorVersion;
				minimumVersion = 9.0.0;
			};
		};
		14DF1E42272D8F3C00B4556E /* XCRemoteSwiftPackageReference "SwiftSoup" */ = {
			isa = XCRemoteSwiftPackageReference;
			repositoryURL = "https://github.com/scinfu/SwiftSoup";
			requirement = {
				kind = upToNextMajorVersion;
				minimumVersion = 2.0.0;
			};
		};
		A7A085FB255C869C00807225 /* XCRemoteSwiftPackageReference "SwiftEntryKit" */ = {
			isa = XCRemoteSwiftPackageReference;
			repositoryURL = "https://github.com/huri000/SwiftEntryKit";
			requirement = {
				kind = upToNextMajorVersion;
				minimumVersion = 1.2.6;
			};
		};
/* End XCRemoteSwiftPackageReference section */

/* Begin XCSwiftPackageProductDependency section */
		147BEB9527F66B1B005B3B6D /* TinyConstraints */ = {
			isa = XCSwiftPackageProductDependency;
			package = 147BEB9427F66B1B005B3B6D /* XCRemoteSwiftPackageReference "TinyConstraints" */;
			productName = TinyConstraints;
		};
		1494038C26B0796F0088C7E4 /* SwiftKeychainWrapper */ = {
			isa = XCSwiftPackageProductDependency;
			package = 1494038B26B0796F0088C7E4 /* XCRemoteSwiftPackageReference "SwiftKeychainWrapper" */;
			productName = SwiftKeychainWrapper;
		};
		14D55FFF2753D1FA00546587 /* Nuke */ = {
			isa = XCSwiftPackageProductDependency;
			package = 14D55FFE2753D1FA00546587 /* XCRemoteSwiftPackageReference "Nuke" */;
			productName = Nuke;
		};
		14DF1E43272D8F3C00B4556E /* SwiftSoup */ = {
			isa = XCSwiftPackageProductDependency;
			package = 14DF1E42272D8F3C00B4556E /* XCRemoteSwiftPackageReference "SwiftSoup" */;
			productName = SwiftSoup;
		};
		A7A085FC255C869C00807225 /* SwiftEntryKit */ = {
			isa = XCSwiftPackageProductDependency;
			package = A7A085FB255C869C00807225 /* XCRemoteSwiftPackageReference "SwiftEntryKit" */;
			productName = SwiftEntryKit;
		};
/* End XCSwiftPackageProductDependency section */
	};
	rootObject = A75946802523E32F00312EBE /* Project object */;
}
